{
  "object": {
    "pins": [
      {
        "package": "EmealKit",
        "repositoryURL": "https://github.com/kiliankoe/EmealKit",
        "state": {
          "branch": null,
          "revision": "bdf0afa811b40868c9cf1b53a6aa199c7fe8c5c6",
          "version": "0.7.0"
        }
      },
      {
        "package": "HTMLString",
        "repositoryURL": "https://github.com/alexaubry/HTMLString.git",
        "state": {
          "branch": null,
          "revision": "373048cc4084dd7481c86e3bee41612eff93b14d",
          "version": "5.0.0"
        }
      },
      {
        "package": "KeychainItem",
        "repositoryURL": "https://github.com/objcio/keychain-item",
        "state": {
          "branch": null,
          "revision": "563fc973ee4c1fcdea646630f847a241025da3c4",
          "version": "0.1.0"
        }
      },
      {
        "package": "Regex",
        "repositoryURL": "https://github.com/sharplet/Regex.git",
        "state": {
          "branch": null,
          "revision": "76c2b73d4281d77fc3118391877efd1bf972f515",
          "version": "2.1.1"
        }
      },
      {
        "package": "RemoteImage",
        "repositoryURL": "https://github.com/crelies/RemoteImage",
        "state": {
          "branch": null,
          "revision": "2dca7774a57eaa0797cf288a98bf6ea516469b49",
          "version": "2.0.3"
        }
      },
      {
        "package": "SwiftyHolidays",
        "repositoryURL": "https://github.com/MaxHaertwig/SwiftyHolidays",
        "state": {
          "branch": null,
          "revision": "ac07aba771a789b3ab7123826a6b807c2059d083",
          "version": "1.0.0"
        }
      },
      {
        "package": "ViewInspector",
        "repositoryURL": "https://github.com/nalexn/ViewInspector.git",
        "state": {
          "branch": null,
          "revision": "ec943ed718cd293b95f17a2b81e8917d6ed70752",
          "version": "0.3.8"
        }
      }
    ]
  },
  "version": 1
}
