{
  "object": {
    "pins": [
      {
        "package": "EmealKit",
        "repositoryURL": "https://github.com/kiliankoe/EmealKit",
        "state": {
          "branch": null,
          "revision": "e4f392051ef81dff2db617bf4f16cd720d89ff18",
          "version": "0.4.0"
        }
      },
      {
        "package": "HTMLString",
        "repositoryURL": "https://github.com/alexaubry/HTMLString",
        "state": {
          "branch": null,
          "revision": "373048cc4084dd7481c86e3bee41612eff93b14d",
          "version": "5.0.0"
        }
      },
      {
        "package": "KeychainItem",
        "repositoryURL": "https://github.com/objcio/keychain-item",
        "state": {
          "branch": null,
          "revision": "563fc973ee4c1fcdea646630f847a241025da3c4",
          "version": "0.1.0"
        }
      },
      {
        "package": "Regex",
        "repositoryURL": "https://github.com/sharplet/Regex",
        "state": {
          "branch": null,
          "revision": "a819aed0e9555268c29a62500fe6fb781ae7f57d",
          "version": "2.1.0"
        }
      },
      {
        "package": "RemoteImage",
        "repositoryURL": "https://github.com/crelies/RemoteImage",
        "state": {
          "branch": "master",
          "revision": "9eb8540d3553a45df892a06db324ab5ce7861720",
          "version": null
        }
      }
    ]
  },
  "version": 1
}
