{
  "originHash" : "c665f8accb2e14446fa0e4a258fe1eb8ca2a9ecaf26416b45a870c2f3b03efea",
  "pins" : [
    {
      "identity" : "emealkit",
      "kind" : "remoteSourceControl",
      "location" : "https://github.com/kiliankoe/EmealKit.git",
      "state" : {
        "revision" : "c5a4188cc1f30482e7a7f388ec777406a321e9e7",
        "version" : "0.11.0"
      }
    },
    {
      "identity" : "feedkit",
      "kind" : "remoteSourceControl",
      "location" : "https://github.com/nmdias/FeedKit.git",
      "state" : {
        "revision" : "68493a33d862c33c9a9f67ec729b3b7df1b20ade",
        "version" : "9.1.2"
      }
    },
    {
      "identity" : "htmlstring",
      "kind" : "remoteSourceControl",
      "location" : "https://github.com/alexaubry/HTMLString.git",
      "state" : {
        "revision" : "373048cc4084dd7481c86e3bee41612eff93b14d",
        "version" : "5.0.0"
      }
    },
    {
      "identity" : "keychain-item",
      "kind" : "remoteSourceControl",
      "location" : "https://github.com/objcio/keychain-item",
      "state" : {
        "revision" : "563fc973ee4c1fcdea646630f847a241025da3c4",
        "version" : "0.1.0"
      }
    },
    {
      "identity" : "keychainaccess",
      "kind" : "remoteSourceControl",
      "location" : "https://github.com/kishikawakatsumi/KeychainAccess.git",
      "state" : {
        "revision" : "84e546727d66f1adc5439debad16270d0fdd04e7",
        "version" : "4.2.2"
      }
    },
    {
      "identity" : "regex",
      "kind" : "remoteSourceControl",
      "location" : "https://github.com/sharplet/Regex.git",
      "state" : {
        "revision" : "76c2b73d4281d77fc3118391877efd1bf972f515",
        "version" : "2.1.1"
      }
    },
    {
      "identity" : "swiftclient",
      "kind" : "remoteSourceControl",
      "location" : "https://github.com/TelemetryDeck/SwiftClient",
      "state" : {
        "revision" : "a7fd1eb469589a3c8fd8cc3abe19b092b5d674dc",
        "version" : "2.9.4"
      }
    },
    {
      "identity" : "swiftui-image-viewer",
      "kind" : "remoteSourceControl",
      "location" : "https://github.com/Jake-Short/swiftui-image-viewer.git",
      "state" : {
        "revision" : "f61f298c0100c81dfb0c7908091e68aad12a892c",
        "version" : "2.3.1"
      }
    },
    {
      "identity" : "swiftyholidays",
      "kind" : "remoteSourceControl",
      "location" : "https://github.com/MaxHaertwig/SwiftyHolidays",
      "state" : {
        "revision" : "ac07aba771a789b3ab7123826a6b807c2059d083",
        "version" : "1.0.0"
      }
    },
    {
      "identity" : "syndikit",
      "kind" : "remoteSourceControl",
      "location" : "https://github.com/brightdigit/SyndiKit.git",
      "state" : {
        "revision" : "5022daf2379cd81f9bd80b6b60f4d1356ab0d256",
        "version" : "0.2.0"
      }
    },
    {
      "identity" : "url-image",
      "kind" : "remoteSourceControl",
      "location" : "https://github.com/dmytro-anokhin/url-image.git",
      "state" : {
        "revision" : "ccab89ad1cedb04f25dd4df1776dd8c8583b914a",
        "version" : "2.2.5"
      }
    },
    {
      "identity" : "xmlcoder",
      "kind" : "remoteSourceControl",
      "location" : "https://github.com/MaxDesiatov/XMLCoder",
      "state" : {
        "revision" : "b1e944cbd0ef33787b13f639a5418d55b3bed501",
        "version" : "0.17.1"
      }
    }
  ],
  "version" : 3
}
