// !$*UTF8*$!
{
	archiveVersion = 1;
	classes = {
	};
	objectVersion = 52;
	objects = {

/* Begin PBXBuildFile section */
		39281C5E234241B900E4EFB5 /* AppDelegate.swift in Sources */ = {isa = PBXBuildFile; fileRef = 39281C5D234241B900E4EFB5 /* AppDelegate.swift */; };
		39281C60234241B900E4EFB5 /* SceneDelegate.swift in Sources */ = {isa = PBXBuildFile; fileRef = 39281C5F234241B900E4EFB5 /* SceneDelegate.swift */; };
		39281C62234241B900E4EFB5 /* CanteenListView.swift in Sources */ = {isa = PBXBuildFile; fileRef = 39281C61234241B900E4EFB5 /* CanteenListView.swift */; };
		39281C64234241BC00E4EFB5 /* Assets.xcassets in Resources */ = {isa = PBXBuildFile; fileRef = 39281C63234241BC00E4EFB5 /* Assets.xcassets */; };
		39281C67234241BC00E4EFB5 /* Preview Assets.xcassets in Resources */ = {isa = PBXBuildFile; fileRef = 39281C66234241BC00E4EFB5 /* Preview Assets.xcassets */; };
		39281C6A234241BC00E4EFB5 /* LaunchScreen.storyboard in Resources */ = {isa = PBXBuildFile; fileRef = 39281C68234241BC00E4EFB5 /* LaunchScreen.storyboard */; };
		39281C74234247C100E4EFB5 /* Localizable.strings in Resources */ = {isa = PBXBuildFile; fileRef = 39281C76234247C100E4EFB5 /* Localizable.strings */; };
		39281C7923424CEA00E4EFB5 /* MealListView.swift in Sources */ = {isa = PBXBuildFile; fileRef = 39281C7823424CEA00E4EFB5 /* MealListView.swift */; };
		39281C7F23427F9B00E4EFB5 /* MealCell.swift in Sources */ = {isa = PBXBuildFile; fileRef = 39281C7E23427F9B00E4EFB5 /* MealCell.swift */; };
		39281C812342823800E4EFB5 /* PriceLabel.swift in Sources */ = {isa = PBXBuildFile; fileRef = 39281C802342823800E4EFB5 /* PriceLabel.swift */; };
		39281C83234282C100E4EFB5 /* MealImage.swift in Sources */ = {isa = PBXBuildFile; fileRef = 39281C82234282C100E4EFB5 /* MealImage.swift */; };
		39281C882342910600E4EFB5 /* CanteenCell.swift in Sources */ = {isa = PBXBuildFile; fileRef = 39281C872342910600E4EFB5 /* CanteenCell.swift */; };
		39281C8B234292CD00E4EFB5 /* OpenMensa.swift in Sources */ = {isa = PBXBuildFile; fileRef = 39281C8A234292CD00E4EFB5 /* OpenMensa.swift */; };
		39281C8D234297E000E4EFB5 /* Meal+Extensions.swift in Sources */ = {isa = PBXBuildFile; fileRef = 39281C8C234297E000E4EFB5 /* Meal+Extensions.swift */; };
		39281C8F2342985900E4EFB5 /* Canteen+Example.swift in Sources */ = {isa = PBXBuildFile; fileRef = 39281C8E2342985900E4EFB5 /* Canteen+Example.swift */; };
		39281CD22343CFB400E4EFB5 /* RemoteImage in Frameworks */ = {isa = PBXBuildFile; productRef = 39281CD12343CFB400E4EFB5 /* RemoteImage */; };
		394D9D012343D0C9005F076C /* MealDetailView.swift in Sources */ = {isa = PBXBuildFile; fileRef = 394D9D002343D0C9005F076C /* MealDetailView.swift */; };
		394D9D032343EFD4005F076C /* InfoView.swift in Sources */ = {isa = PBXBuildFile; fileRef = 394D9D022343EFD4005F076C /* InfoView.swift */; };
		394D9D1F234560B4005F076C /* SettingsView.swift in Sources */ = {isa = PBXBuildFile; fileRef = 394D9D1E234560B4005F076C /* SettingsView.swift */; };
		395F98A524FFED7C00740176 /* View.swift in Sources */ = {isa = PBXBuildFile; fileRef = 395F98A424FFED7C00740176 /* View.swift */; };
		3965DDEA23F0244800C9C75C /* EmealKit in Frameworks */ = {isa = PBXBuildFile; productRef = 3965DDE923F0244800C9C75C /* EmealKit */; };
		3969E12E24FFAE0C00036C69 /* Color.swift in Sources */ = {isa = PBXBuildFile; fileRef = 3969E12D24FFAE0C00036C69 /* Color.swift */; };
		396C4AF123480E6E009A9F52 /* EmealView.swift in Sources */ = {isa = PBXBuildFile; fileRef = 396C4AF023480E6E009A9F52 /* EmealView.swift */; };
		396FC3B0235378C1007B97F3 /* AppView.swift in Sources */ = {isa = PBXBuildFile; fileRef = 396FC3AF235378C1007B97F3 /* AppView.swift */; };
		396FC3B523539145007B97F3 /* EmealCardView.swift in Sources */ = {isa = PBXBuildFile; fileRef = 396FC3B423539145007B97F3 /* EmealCardView.swift */; };
		396FC3BC2353BF60007B97F3 /* KeychainItem in Frameworks */ = {isa = PBXBuildFile; productRef = 396FC3BB2353BF60007B97F3 /* KeychainItem */; };
		396FC3E22357A1A9007B97F3 /* Transaction.swift in Sources */ = {isa = PBXBuildFile; fileRef = 396FC3E12357A1A9007B97F3 /* Transaction.swift */; };
		396FC3E42357B257007B97F3 /* FavoriteCanteensSetting.swift in Sources */ = {isa = PBXBuildFile; fileRef = 396FC3E32357B257007B97F3 /* FavoriteCanteensSetting.swift */; };
		396FC3E82357B6E4007B97F3 /* IngredientsAllergensSetting.swift in Sources */ = {isa = PBXBuildFile; fileRef = 396FC3E72357B6E4007B97F3 /* IngredientsAllergensSetting.swift */; };
		398B34E0236B343F00C10D9B /* ActivityIndicator.swift in Sources */ = {isa = PBXBuildFile; fileRef = 398B34DF236B343F00C10D9B /* ActivityIndicator.swift */; };
		398B34E2236CB95900C10D9B /* LoadingResult.swift in Sources */ = {isa = PBXBuildFile; fileRef = 398B34E1236CB95900C10D9B /* LoadingResult.swift */; };
		398B34E4236CC6B500C10D9B /* MealList.swift in Sources */ = {isa = PBXBuildFile; fileRef = 398B34E3236CC6B500C10D9B /* MealList.swift */; };
		398B34E8236CDE7D00C10D9B /* LoadingListView.swift in Sources */ = {isa = PBXBuildFile; fileRef = 398B34E7236CDE7D00C10D9B /* LoadingListView.swift */; };
		3997DCC82455931600763C07 /* SwiftyHolidays in Frameworks */ = {isa = PBXBuildFile; productRef = 3997DCC72455931600763C07 /* SwiftyHolidays */; };
		39A0C940236227F70029FA35 /* DatePickerView.swift in Sources */ = {isa = PBXBuildFile; fileRef = 39A0C93F236227F70029FA35 /* DatePickerView.swift */; };
		39A0C9442362341B0029FA35 /* CustomDateMealListView.swift in Sources */ = {isa = PBXBuildFile; fileRef = 39A0C9432362341B0029FA35 /* CustomDateMealListView.swift */; };
		39A0C94623623B9E0029FA35 /* Date.swift in Sources */ = {isa = PBXBuildFile; fileRef = 39A0C94523623B9E0029FA35 /* Date.swift */; };
		39A1418D23481B5F00FEE789 /* LargeButton.swift in Sources */ = {isa = PBXBuildFile; fileRef = 39A1418C23481B5F00FEE789 /* LargeButton.swift */; };
		39A1418F2348210000FEE789 /* BarButton.swift in Sources */ = {isa = PBXBuildFile; fileRef = 39A1418E2348210000FEE789 /* BarButton.swift */; };
		39A141912348813D00FEE789 /* Settings.swift in Sources */ = {isa = PBXBuildFile; fileRef = 39A141902348813D00FEE789 /* Settings.swift */; };
		39A141932348EBC000FEE789 /* BlacklistBinding.swift in Sources */ = {isa = PBXBuildFile; fileRef = 39A141922348EBC000FEE789 /* BlacklistBinding.swift */; };
		39A141952348EBEE00FEE789 /* UserDefault.swift in Sources */ = {isa = PBXBuildFile; fileRef = 39A141942348EBEE00FEE789 /* UserDefault.swift */; };
		39A79148241FC50F0009CF03 /* NewsfeedView.swift in Sources */ = {isa = PBXBuildFile; fileRef = 39A79147241FC50F0009CF03 /* NewsfeedView.swift */; };
		39A7914A241FC96B0009CF03 /* ObservableEmeal.swift in Sources */ = {isa = PBXBuildFile; fileRef = 39A79149241FC96B0009CF03 /* ObservableEmeal.swift */; };
		39BEEB71234BAD2D0081B9AE /* DeviceOrientation.swift in Sources */ = {isa = PBXBuildFile; fileRef = 39BEEB70234BAD2D0081B9AE /* DeviceOrientation.swift */; };
		39BEEB73234BB0350081B9AE /* HostingController.swift in Sources */ = {isa = PBXBuildFile; fileRef = 39BEEB72234BB0350081B9AE /* HostingController.swift */; };
		39CD5B19234F778400435E71 /* WebView.swift in Sources */ = {isa = PBXBuildFile; fileRef = 39CD5B18234F778400435E71 /* WebView.swift */; };
		39CD5B1B234F8D0C00435E71 /* MealFeedbackView.swift in Sources */ = {isa = PBXBuildFile; fileRef = 39CD5B1A234F8D0C00435E71 /* MealFeedbackView.swift */; };
		39E215812358E29D00F5EBE9 /* UserLocation.swift in Sources */ = {isa = PBXBuildFile; fileRef = 39E215802358E29D00F5EBE9 /* UserLocation.swift */; };
		39E215842358E37300F5EBE9 /* InfoPlist.strings in Resources */ = {isa = PBXBuildFile; fileRef = 39E215862358E37300F5EBE9 /* InfoPlist.strings */; };
		39FC09D82361AFEE008D8AB0 /* Formatter.swift in Sources */ = {isa = PBXBuildFile; fileRef = 39FC09D72361AFEE008D8AB0 /* Formatter.swift */; };
/* End PBXBuildFile section */

/* Begin PBXFileReference section */
		39281C5A234241B900E4EFB5 /* Mensa Dresden.app */ = {isa = PBXFileReference; explicitFileType = wrapper.application; includeInIndex = 0; path = "Mensa Dresden.app"; sourceTree = BUILT_PRODUCTS_DIR; };
		39281C5D234241B900E4EFB5 /* AppDelegate.swift */ = {isa = PBXFileReference; lastKnownFileType = sourcecode.swift; path = AppDelegate.swift; sourceTree = "<group>"; };
		39281C5F234241B900E4EFB5 /* SceneDelegate.swift */ = {isa = PBXFileReference; lastKnownFileType = sourcecode.swift; path = SceneDelegate.swift; sourceTree = "<group>"; };
		39281C61234241B900E4EFB5 /* CanteenListView.swift */ = {isa = PBXFileReference; lastKnownFileType = sourcecode.swift; path = CanteenListView.swift; sourceTree = "<group>"; };
		39281C63234241BC00E4EFB5 /* Assets.xcassets */ = {isa = PBXFileReference; lastKnownFileType = folder.assetcatalog; path = Assets.xcassets; sourceTree = "<group>"; };
		39281C66234241BC00E4EFB5 /* Preview Assets.xcassets */ = {isa = PBXFileReference; lastKnownFileType = folder.assetcatalog; path = "Preview Assets.xcassets"; sourceTree = "<group>"; };
		39281C69234241BC00E4EFB5 /* Base */ = {isa = PBXFileReference; lastKnownFileType = file.storyboard; name = Base; path = Base.lproj/LaunchScreen.storyboard; sourceTree = "<group>"; };
		39281C6B234241BC00E4EFB5 /* Info.plist */ = {isa = PBXFileReference; lastKnownFileType = text.plist.xml; path = Info.plist; sourceTree = "<group>"; };
		39281C75234247C100E4EFB5 /* en */ = {isa = PBXFileReference; lastKnownFileType = text.plist.strings; name = en; path = en.lproj/Localizable.strings; sourceTree = "<group>"; };
		39281C77234247C200E4EFB5 /* de */ = {isa = PBXFileReference; lastKnownFileType = text.plist.strings; name = de; path = de.lproj/Localizable.strings; sourceTree = "<group>"; };
		39281C7823424CEA00E4EFB5 /* MealListView.swift */ = {isa = PBXFileReference; lastKnownFileType = sourcecode.swift; path = MealListView.swift; sourceTree = "<group>"; };
		39281C7E23427F9B00E4EFB5 /* MealCell.swift */ = {isa = PBXFileReference; lastKnownFileType = sourcecode.swift; path = MealCell.swift; sourceTree = "<group>"; };
		39281C802342823800E4EFB5 /* PriceLabel.swift */ = {isa = PBXFileReference; lastKnownFileType = sourcecode.swift; path = PriceLabel.swift; sourceTree = "<group>"; };
		39281C82234282C100E4EFB5 /* MealImage.swift */ = {isa = PBXFileReference; lastKnownFileType = sourcecode.swift; path = MealImage.swift; sourceTree = "<group>"; };
		39281C872342910600E4EFB5 /* CanteenCell.swift */ = {isa = PBXFileReference; lastKnownFileType = sourcecode.swift; path = CanteenCell.swift; sourceTree = "<group>"; };
		39281C8A234292CD00E4EFB5 /* OpenMensa.swift */ = {isa = PBXFileReference; lastKnownFileType = sourcecode.swift; path = OpenMensa.swift; sourceTree = "<group>"; };
		39281C8C234297E000E4EFB5 /* Meal+Extensions.swift */ = {isa = PBXFileReference; lastKnownFileType = sourcecode.swift; path = "Meal+Extensions.swift"; sourceTree = "<group>"; };
		39281C8E2342985900E4EFB5 /* Canteen+Example.swift */ = {isa = PBXFileReference; lastKnownFileType = sourcecode.swift; path = "Canteen+Example.swift"; sourceTree = "<group>"; };
		394D9D002343D0C9005F076C /* MealDetailView.swift */ = {isa = PBXFileReference; lastKnownFileType = sourcecode.swift; path = MealDetailView.swift; sourceTree = "<group>"; };
		394D9D022343EFD4005F076C /* InfoView.swift */ = {isa = PBXFileReference; lastKnownFileType = sourcecode.swift; path = InfoView.swift; sourceTree = "<group>"; };
		394D9D1E234560B4005F076C /* SettingsView.swift */ = {isa = PBXFileReference; lastKnownFileType = sourcecode.swift; path = SettingsView.swift; sourceTree = "<group>"; };
		395F98A424FFED7C00740176 /* View.swift */ = {isa = PBXFileReference; lastKnownFileType = sourcecode.swift; path = View.swift; sourceTree = "<group>"; };
		3969E12D24FFAE0C00036C69 /* Color.swift */ = {isa = PBXFileReference; lastKnownFileType = sourcecode.swift; path = Color.swift; sourceTree = "<group>"; };
		396C4AF023480E6E009A9F52 /* EmealView.swift */ = {isa = PBXFileReference; lastKnownFileType = sourcecode.swift; path = EmealView.swift; sourceTree = "<group>"; };
		396FC3AF235378C1007B97F3 /* AppView.swift */ = {isa = PBXFileReference; lastKnownFileType = sourcecode.swift; path = AppView.swift; sourceTree = "<group>"; };
		396FC3B423539145007B97F3 /* EmealCardView.swift */ = {isa = PBXFileReference; lastKnownFileType = sourcecode.swift; path = EmealCardView.swift; sourceTree = "<group>"; };
		396FC3E12357A1A9007B97F3 /* Transaction.swift */ = {isa = PBXFileReference; lastKnownFileType = sourcecode.swift; path = Transaction.swift; sourceTree = "<group>"; };
		396FC3E32357B257007B97F3 /* FavoriteCanteensSetting.swift */ = {isa = PBXFileReference; lastKnownFileType = sourcecode.swift; path = FavoriteCanteensSetting.swift; sourceTree = "<group>"; };
		396FC3E72357B6E4007B97F3 /* IngredientsAllergensSetting.swift */ = {isa = PBXFileReference; lastKnownFileType = sourcecode.swift; path = IngredientsAllergensSetting.swift; sourceTree = "<group>"; };
		398B34DF236B343F00C10D9B /* ActivityIndicator.swift */ = {isa = PBXFileReference; lastKnownFileType = sourcecode.swift; path = ActivityIndicator.swift; sourceTree = "<group>"; };
		398B34E1236CB95900C10D9B /* LoadingResult.swift */ = {isa = PBXFileReference; lastKnownFileType = sourcecode.swift; path = LoadingResult.swift; sourceTree = "<group>"; };
		398B34E3236CC6B500C10D9B /* MealList.swift */ = {isa = PBXFileReference; lastKnownFileType = sourcecode.swift; path = MealList.swift; sourceTree = "<group>"; };
		398B34E7236CDE7D00C10D9B /* LoadingListView.swift */ = {isa = PBXFileReference; lastKnownFileType = sourcecode.swift; path = LoadingListView.swift; sourceTree = "<group>"; };
		3997DCC92455F0C900763C07 /* zh-Hans */ = {isa = PBXFileReference; lastKnownFileType = text.plist.strings; name = "zh-Hans"; path = "zh-Hans.lproj/InfoPlist.strings"; sourceTree = "<group>"; };
		3997DCCA2455F0C900763C07 /* zh-Hans */ = {isa = PBXFileReference; lastKnownFileType = text.plist.strings; name = "zh-Hans"; path = "zh-Hans.lproj/Localizable.strings"; sourceTree = "<group>"; };
		3997DCCB2455F0DE00763C07 /* ru */ = {isa = PBXFileReference; lastKnownFileType = text.plist.strings; name = ru; path = ru.lproj/InfoPlist.strings; sourceTree = "<group>"; };
		3997DCCC2455F0DE00763C07 /* ru */ = {isa = PBXFileReference; lastKnownFileType = text.plist.strings; name = ru; path = ru.lproj/Localizable.strings; sourceTree = "<group>"; };
		3997DCCD2455F83900763C07 /* ja */ = {isa = PBXFileReference; lastKnownFileType = text.plist.strings; name = ja; path = ja.lproj/InfoPlist.strings; sourceTree = "<group>"; };
		3997DCCE2455F83900763C07 /* ja */ = {isa = PBXFileReference; lastKnownFileType = text.plist.strings; name = ja; path = ja.lproj/Localizable.strings; sourceTree = "<group>"; };
		39A0C93F236227F70029FA35 /* DatePickerView.swift */ = {isa = PBXFileReference; lastKnownFileType = sourcecode.swift; path = DatePickerView.swift; sourceTree = "<group>"; };
		39A0C9432362341B0029FA35 /* CustomDateMealListView.swift */ = {isa = PBXFileReference; lastKnownFileType = sourcecode.swift; path = CustomDateMealListView.swift; sourceTree = "<group>"; };
		39A0C94523623B9E0029FA35 /* Date.swift */ = {isa = PBXFileReference; lastKnownFileType = sourcecode.swift; path = Date.swift; sourceTree = "<group>"; };
		39A1418C23481B5F00FEE789 /* LargeButton.swift */ = {isa = PBXFileReference; lastKnownFileType = sourcecode.swift; path = LargeButton.swift; sourceTree = "<group>"; };
		39A1418E2348210000FEE789 /* BarButton.swift */ = {isa = PBXFileReference; lastKnownFileType = sourcecode.swift; path = BarButton.swift; sourceTree = "<group>"; };
		39A141902348813D00FEE789 /* Settings.swift */ = {isa = PBXFileReference; lastKnownFileType = sourcecode.swift; path = Settings.swift; sourceTree = "<group>"; };
		39A141922348EBC000FEE789 /* BlacklistBinding.swift */ = {isa = PBXFileReference; lastKnownFileType = sourcecode.swift; path = BlacklistBinding.swift; sourceTree = "<group>"; };
		39A141942348EBEE00FEE789 /* UserDefault.swift */ = {isa = PBXFileReference; lastKnownFileType = sourcecode.swift; path = UserDefault.swift; sourceTree = "<group>"; };
		39A141972348EF1D00FEE789 /* Mensa Dresden.entitlements */ = {isa = PBXFileReference; lastKnownFileType = text.plist.entitlements; path = "Mensa Dresden.entitlements"; sourceTree = "<group>"; };
		39A79147241FC50F0009CF03 /* NewsfeedView.swift */ = {isa = PBXFileReference; lastKnownFileType = sourcecode.swift; path = NewsfeedView.swift; sourceTree = "<group>"; };
		39A79149241FC96B0009CF03 /* ObservableEmeal.swift */ = {isa = PBXFileReference; fileEncoding = 4; lastKnownFileType = sourcecode.swift; path = ObservableEmeal.swift; sourceTree = "<group>"; };
		39BEEB70234BAD2D0081B9AE /* DeviceOrientation.swift */ = {isa = PBXFileReference; lastKnownFileType = sourcecode.swift; path = DeviceOrientation.swift; sourceTree = "<group>"; };
		39BEEB72234BB0350081B9AE /* HostingController.swift */ = {isa = PBXFileReference; lastKnownFileType = sourcecode.swift; path = HostingController.swift; sourceTree = "<group>"; };
		39CD5B18234F778400435E71 /* WebView.swift */ = {isa = PBXFileReference; lastKnownFileType = sourcecode.swift; path = WebView.swift; sourceTree = "<group>"; };
		39CD5B1A234F8D0C00435E71 /* MealFeedbackView.swift */ = {isa = PBXFileReference; lastKnownFileType = sourcecode.swift; path = MealFeedbackView.swift; sourceTree = "<group>"; };
		39E215802358E29D00F5EBE9 /* UserLocation.swift */ = {isa = PBXFileReference; fileEncoding = 4; lastKnownFileType = sourcecode.swift; path = UserLocation.swift; sourceTree = "<group>"; };
		39E215852358E37300F5EBE9 /* en */ = {isa = PBXFileReference; lastKnownFileType = text.plist.strings; name = en; path = en.lproj/InfoPlist.strings; sourceTree = "<group>"; };
		39E215872358E37700F5EBE9 /* de */ = {isa = PBXFileReference; lastKnownFileType = text.plist.strings; name = de; path = de.lproj/InfoPlist.strings; sourceTree = "<group>"; };
		39FC09D72361AFEE008D8AB0 /* Formatter.swift */ = {isa = PBXFileReference; lastKnownFileType = sourcecode.swift; path = Formatter.swift; sourceTree = "<group>"; };
/* End PBXFileReference section */

/* Begin PBXFrameworksBuildPhase section */
		39281C57234241B900E4EFB5 /* Frameworks */ = {
			isa = PBXFrameworksBuildPhase;
			buildActionMask = 2147483647;
			files = (
				3965DDEA23F0244800C9C75C /* EmealKit in Frameworks */,
				3997DCC82455931600763C07 /* SwiftyHolidays in Frameworks */,
				39281CD22343CFB400E4EFB5 /* RemoteImage in Frameworks */,
				396FC3BC2353BF60007B97F3 /* KeychainItem in Frameworks */,
			);
			runOnlyForDeploymentPostprocessing = 0;
		};
/* End PBXFrameworksBuildPhase section */

/* Begin PBXGroup section */
		39281C51234241B900E4EFB5 = {
			isa = PBXGroup;
			children = (
				39281C5C234241B900E4EFB5 /* MensaDresden */,
				39281C5B234241B900E4EFB5 /* Products */,
				39281CC0234318F400E4EFB5 /* Frameworks */,
			);
			sourceTree = "<group>";
		};
		39281C5B234241B900E4EFB5 /* Products */ = {
			isa = PBXGroup;
			children = (
				39281C5A234241B900E4EFB5 /* Mensa Dresden.app */,
			);
			name = Products;
			sourceTree = "<group>";
		};
		39281C5C234241B900E4EFB5 /* MensaDresden */ = {
			isa = PBXGroup;
			children = (
				39A141972348EF1D00FEE789 /* Mensa Dresden.entitlements */,
				39281C5D234241B900E4EFB5 /* AppDelegate.swift */,
				39281C5F234241B900E4EFB5 /* SceneDelegate.swift */,
				396FC3AF235378C1007B97F3 /* AppView.swift */,
				39BEEB72234BB0350081B9AE /* HostingController.swift */,
				396FC3E02357A19D007B97F3 /* Extensions */,
				39A1418B23481B4D00FEE789 /* Shared */,
				39281C89234292C100E4EFB5 /* API */,
				39281C8423428CAA00E4EFB5 /* CanteenList */,
				394D9D0423454E77005F076C /* SettingsView */,
				39A141962348EEEE00FEE789 /* EmealView */,
				39281C7D23427F8400E4EFB5 /* MealList */,
				39A79146241FC4FC0009CF03 /* Newsfeed */,
				39281C63234241BC00E4EFB5 /* Assets.xcassets */,
				39281C68234241BC00E4EFB5 /* LaunchScreen.storyboard */,
				39281C6B234241BC00E4EFB5 /* Info.plist */,
				39E215862358E37300F5EBE9 /* InfoPlist.strings */,
				39281C65234241BC00E4EFB5 /* Preview Content */,
				39281C76234247C100E4EFB5 /* Localizable.strings */,
			);
			path = MensaDresden;
			sourceTree = "<group>";
		};
		39281C65234241BC00E4EFB5 /* Preview Content */ = {
			isa = PBXGroup;
			children = (
				39281C66234241BC00E4EFB5 /* Preview Assets.xcassets */,
			);
			path = "Preview Content";
			sourceTree = "<group>";
		};
		39281C7D23427F8400E4EFB5 /* MealList */ = {
			isa = PBXGroup;
			children = (
				398B34E3236CC6B500C10D9B /* MealList.swift */,
				39281C7823424CEA00E4EFB5 /* MealListView.swift */,
				39A0C93F236227F70029FA35 /* DatePickerView.swift */,
				39A0C9432362341B0029FA35 /* CustomDateMealListView.swift */,
				39281C82234282C100E4EFB5 /* MealImage.swift */,
				394D9D002343D0C9005F076C /* MealDetailView.swift */,
				39CD5B1A234F8D0C00435E71 /* MealFeedbackView.swift */,
				394D9D1D23455C99005F076C /* MealCell */,
			);
			path = MealList;
			sourceTree = "<group>";
		};
		39281C8423428CAA00E4EFB5 /* CanteenList */ = {
			isa = PBXGroup;
			children = (
				39281C61234241B900E4EFB5 /* CanteenListView.swift */,
				39281C872342910600E4EFB5 /* CanteenCell.swift */,
			);
			path = CanteenList;
			sourceTree = "<group>";
		};
		39281C89234292C100E4EFB5 /* API */ = {
			isa = PBXGroup;
			children = (
				39281C8A234292CD00E4EFB5 /* OpenMensa.swift */,
				398B34E1236CB95900C10D9B /* LoadingResult.swift */,
				39281C8C234297E000E4EFB5 /* Meal+Extensions.swift */,
				39281C8E2342985900E4EFB5 /* Canteen+Example.swift */,
			);
			path = API;
			sourceTree = "<group>";
		};
		39281CC0234318F400E4EFB5 /* Frameworks */ = {
			isa = PBXGroup;
			children = (
			);
			name = Frameworks;
			sourceTree = "<group>";
		};
		394D9D0423454E77005F076C /* SettingsView */ = {
			isa = PBXGroup;
			children = (
				39A141902348813D00FEE789 /* Settings.swift */,
				394D9D1E234560B4005F076C /* SettingsView.swift */,
				396FC3E32357B257007B97F3 /* FavoriteCanteensSetting.swift */,
				396FC3E72357B6E4007B97F3 /* IngredientsAllergensSetting.swift */,
				394D9D022343EFD4005F076C /* InfoView.swift */,
			);
			path = SettingsView;
			sourceTree = "<group>";
		};
		394D9D1D23455C99005F076C /* MealCell */ = {
			isa = PBXGroup;
			children = (
				39281C7E23427F9B00E4EFB5 /* MealCell.swift */,
				39281C802342823800E4EFB5 /* PriceLabel.swift */,
			);
			path = MealCell;
			sourceTree = "<group>";
		};
		396FC3E02357A19D007B97F3 /* Extensions */ = {
			isa = PBXGroup;
			children = (
				396FC3E12357A1A9007B97F3 /* Transaction.swift */,
				39A0C94523623B9E0029FA35 /* Date.swift */,
				3969E12D24FFAE0C00036C69 /* Color.swift */,
				395F98A424FFED7C00740176 /* View.swift */,
			);
			path = Extensions;
			sourceTree = "<group>";
		};
		39A1418B23481B4D00FEE789 /* Shared */ = {
			isa = PBXGroup;
			children = (
				39A1418C23481B5F00FEE789 /* LargeButton.swift */,
				39A1418E2348210000FEE789 /* BarButton.swift */,
				39A141922348EBC000FEE789 /* BlacklistBinding.swift */,
				39A141942348EBEE00FEE789 /* UserDefault.swift */,
				39BEEB70234BAD2D0081B9AE /* DeviceOrientation.swift */,
				39CD5B18234F778400435E71 /* WebView.swift */,
				39E215802358E29D00F5EBE9 /* UserLocation.swift */,
				39FC09D72361AFEE008D8AB0 /* Formatter.swift */,
				398B34DF236B343F00C10D9B /* ActivityIndicator.swift */,
				398B34E7236CDE7D00C10D9B /* LoadingListView.swift */,
			);
			path = Shared;
			sourceTree = "<group>";
		};
		39A141962348EEEE00FEE789 /* EmealView */ = {
			isa = PBXGroup;
			children = (
				396C4AF023480E6E009A9F52 /* EmealView.swift */,
				396FC3B423539145007B97F3 /* EmealCardView.swift */,
				39A79149241FC96B0009CF03 /* ObservableEmeal.swift */,
			);
			path = EmealView;
			sourceTree = "<group>";
		};
		39A79146241FC4FC0009CF03 /* Newsfeed */ = {
			isa = PBXGroup;
			children = (
				39A79147241FC50F0009CF03 /* NewsfeedView.swift */,
			);
			path = Newsfeed;
			sourceTree = "<group>";
		};
/* End PBXGroup section */

/* Begin PBXNativeTarget section */
		39281C59234241B900E4EFB5 /* MensaDresden */ = {
			isa = PBXNativeTarget;
			buildConfigurationList = 39281C6E234241BC00E4EFB5 /* Build configuration list for PBXNativeTarget "MensaDresden" */;
			buildPhases = (
				39281C56234241B900E4EFB5 /* Sources */,
				39281C57234241B900E4EFB5 /* Frameworks */,
				39281C58234241B900E4EFB5 /* Resources */,
			);
			buildRules = (
			);
			dependencies = (
			);
			name = MensaDresden;
			packageProductDependencies = (
				39281CD12343CFB400E4EFB5 /* RemoteImage */,
				396FC3BB2353BF60007B97F3 /* KeychainItem */,
				3965DDE923F0244800C9C75C /* EmealKit */,
				3997DCC72455931600763C07 /* SwiftyHolidays */,
			);
			productName = MensaDresden;
			productReference = 39281C5A234241B900E4EFB5 /* Mensa Dresden.app */;
			productType = "com.apple.product-type.application";
		};
/* End PBXNativeTarget section */

/* Begin PBXProject section */
		39281C52234241B900E4EFB5 /* Project object */ = {
			isa = PBXProject;
			attributes = {
				LastSwiftUpdateCheck = 1100;
				LastUpgradeCheck = 1100;
				ORGANIZATIONNAME = "Kilian Koeltzsch";
				TargetAttributes = {
					39281C59234241B900E4EFB5 = {
						CreatedOnToolsVersion = 11.0;
					};
				};
			};
			buildConfigurationList = 39281C55234241B900E4EFB5 /* Build configuration list for PBXProject "MensaDresden" */;
			compatibilityVersion = "Xcode 9.3";
			developmentRegion = en;
			hasScannedForEncodings = 0;
			knownRegions = (
				en,
				Base,
				de,
				"zh-Hans",
				ru,
				ja,
			);
			mainGroup = 39281C51234241B900E4EFB5;
			packageReferences = (
				39281CD02343CFB400E4EFB5 /* XCRemoteSwiftPackageReference "RemoteImage" */,
				396FC3BA2353BF60007B97F3 /* XCRemoteSwiftPackageReference "keychain-item" */,
				3965DDE823F0244800C9C75C /* XCRemoteSwiftPackageReference "EmealKit" */,
				3997DCC62455931500763C07 /* XCRemoteSwiftPackageReference "SwiftyHolidays" */,
			);
			productRefGroup = 39281C5B234241B900E4EFB5 /* Products */;
			projectDirPath = "";
			projectRoot = "";
			targets = (
				39281C59234241B900E4EFB5 /* MensaDresden */,
			);
		};
/* End PBXProject section */

/* Begin PBXResourcesBuildPhase section */
		39281C58234241B900E4EFB5 /* Resources */ = {
			isa = PBXResourcesBuildPhase;
			buildActionMask = 2147483647;
			files = (
				39281C6A234241BC00E4EFB5 /* LaunchScreen.storyboard in Resources */,
				39281C74234247C100E4EFB5 /* Localizable.strings in Resources */,
				39281C67234241BC00E4EFB5 /* Preview Assets.xcassets in Resources */,
				39281C64234241BC00E4EFB5 /* Assets.xcassets in Resources */,
				39E215842358E37300F5EBE9 /* InfoPlist.strings in Resources */,
			);
			runOnlyForDeploymentPostprocessing = 0;
		};
/* End PBXResourcesBuildPhase section */

/* Begin PBXSourcesBuildPhase section */
		39281C56234241B900E4EFB5 /* Sources */ = {
			isa = PBXSourcesBuildPhase;
			buildActionMask = 2147483647;
			files = (
				39FC09D82361AFEE008D8AB0 /* Formatter.swift in Sources */,
				39CD5B1B234F8D0C00435E71 /* MealFeedbackView.swift in Sources */,
				39BEEB73234BB0350081B9AE /* HostingController.swift in Sources */,
				398B34E0236B343F00C10D9B /* ActivityIndicator.swift in Sources */,
				39A79148241FC50F0009CF03 /* NewsfeedView.swift in Sources */,
				39281C8B234292CD00E4EFB5 /* OpenMensa.swift in Sources */,
				39281C812342823800E4EFB5 /* PriceLabel.swift in Sources */,
				39E215812358E29D00F5EBE9 /* UserLocation.swift in Sources */,
				39A0C94623623B9E0029FA35 /* Date.swift in Sources */,
				39281C8F2342985900E4EFB5 /* Canteen+Example.swift in Sources */,
				39A1418F2348210000FEE789 /* BarButton.swift in Sources */,
				39A1418D23481B5F00FEE789 /* LargeButton.swift in Sources */,
				395F98A524FFED7C00740176 /* View.swift in Sources */,
				39BEEB71234BAD2D0081B9AE /* DeviceOrientation.swift in Sources */,
				39281C7F23427F9B00E4EFB5 /* MealCell.swift in Sources */,
				39A141912348813D00FEE789 /* Settings.swift in Sources */,
				398B34E8236CDE7D00C10D9B /* LoadingListView.swift in Sources */,
				39A7914A241FC96B0009CF03 /* ObservableEmeal.swift in Sources */,
				396FC3E42357B257007B97F3 /* FavoriteCanteensSetting.swift in Sources */,
				39281C8D234297E000E4EFB5 /* Meal+Extensions.swift in Sources */,
				398B34E2236CB95900C10D9B /* LoadingResult.swift in Sources */,
				39CD5B19234F778400435E71 /* WebView.swift in Sources */,
				39A141932348EBC000FEE789 /* BlacklistBinding.swift in Sources */,
				394D9D032343EFD4005F076C /* InfoView.swift in Sources */,
				3969E12E24FFAE0C00036C69 /* Color.swift in Sources */,
				396FC3B523539145007B97F3 /* EmealCardView.swift in Sources */,
				39281C83234282C100E4EFB5 /* MealImage.swift in Sources */,
				394D9D1F234560B4005F076C /* SettingsView.swift in Sources */,
				39A141952348EBEE00FEE789 /* UserDefault.swift in Sources */,
				39281C882342910600E4EFB5 /* CanteenCell.swift in Sources */,
				398B34E4236CC6B500C10D9B /* MealList.swift in Sources */,
				39281C5E234241B900E4EFB5 /* AppDelegate.swift in Sources */,
				396FC3B0235378C1007B97F3 /* AppView.swift in Sources */,
				39281C60234241B900E4EFB5 /* SceneDelegate.swift in Sources */,
				39A0C940236227F70029FA35 /* DatePickerView.swift in Sources */,
				396FC3E82357B6E4007B97F3 /* IngredientsAllergensSetting.swift in Sources */,
				394D9D012343D0C9005F076C /* MealDetailView.swift in Sources */,
				396C4AF123480E6E009A9F52 /* EmealView.swift in Sources */,
				39281C62234241B900E4EFB5 /* CanteenListView.swift in Sources */,
				396FC3E22357A1A9007B97F3 /* Transaction.swift in Sources */,
				39A0C9442362341B0029FA35 /* CustomDateMealListView.swift in Sources */,
				39281C7923424CEA00E4EFB5 /* MealListView.swift in Sources */,
			);
			runOnlyForDeploymentPostprocessing = 0;
		};
/* End PBXSourcesBuildPhase section */

/* Begin PBXVariantGroup section */
		39281C68234241BC00E4EFB5 /* LaunchScreen.storyboard */ = {
			isa = PBXVariantGroup;
			children = (
				39281C69234241BC00E4EFB5 /* Base */,
			);
			name = LaunchScreen.storyboard;
			sourceTree = "<group>";
		};
		39281C76234247C100E4EFB5 /* Localizable.strings */ = {
			isa = PBXVariantGroup;
			children = (
				39281C75234247C100E4EFB5 /* en */,
				39281C77234247C200E4EFB5 /* de */,
				3997DCCA2455F0C900763C07 /* zh-Hans */,
				3997DCCC2455F0DE00763C07 /* ru */,
				3997DCCE2455F83900763C07 /* ja */,
			);
			name = Localizable.strings;
			sourceTree = "<group>";
		};
		39E215862358E37300F5EBE9 /* InfoPlist.strings */ = {
			isa = PBXVariantGroup;
			children = (
				39E215852358E37300F5EBE9 /* en */,
				39E215872358E37700F5EBE9 /* de */,
				3997DCC92455F0C900763C07 /* zh-Hans */,
				3997DCCB2455F0DE00763C07 /* ru */,
				3997DCCD2455F83900763C07 /* ja */,
			);
			name = InfoPlist.strings;
			sourceTree = "<group>";
		};
/* End PBXVariantGroup section */

/* Begin XCBuildConfiguration section */
		39281C6C234241BC00E4EFB5 /* Debug */ = {
			isa = XCBuildConfiguration;
			buildSettings = {
				ALWAYS_SEARCH_USER_PATHS = NO;
				CLANG_ANALYZER_LOCALIZABILITY_NONLOCALIZED = YES;
				CLANG_ANALYZER_NONNULL = YES;
				CLANG_ANALYZER_NUMBER_OBJECT_CONVERSION = YES_AGGRESSIVE;
				CLANG_CXX_LANGUAGE_STANDARD = "gnu++14";
				CLANG_CXX_LIBRARY = "libc++";
				CLANG_ENABLE_MODULES = YES;
				CLANG_ENABLE_OBJC_ARC = YES;
				CLANG_ENABLE_OBJC_WEAK = YES;
				CLANG_WARN_BLOCK_CAPTURE_AUTORELEASING = YES;
				CLANG_WARN_BOOL_CONVERSION = YES;
				CLANG_WARN_COMMA = YES;
				CLANG_WARN_CONSTANT_CONVERSION = YES;
				CLANG_WARN_DEPRECATED_OBJC_IMPLEMENTATIONS = YES;
				CLANG_WARN_DIRECT_OBJC_ISA_USAGE = YES_ERROR;
				CLANG_WARN_DOCUMENTATION_COMMENTS = YES;
				CLANG_WARN_EMPTY_BODY = YES;
				CLANG_WARN_ENUM_CONVERSION = YES;
				CLANG_WARN_INFINITE_RECURSION = YES;
				CLANG_WARN_INT_CONVERSION = YES;
				CLANG_WARN_NON_LITERAL_NULL_CONVERSION = YES;
				CLANG_WARN_OBJC_IMPLICIT_RETAIN_SELF = YES;
				CLANG_WARN_OBJC_LITERAL_CONVERSION = YES;
				CLANG_WARN_OBJC_ROOT_CLASS = YES_ERROR;
				CLANG_WARN_RANGE_LOOP_ANALYSIS = YES;
				CLANG_WARN_STRICT_PROTOTYPES = YES;
				CLANG_WARN_SUSPICIOUS_MOVE = YES;
				CLANG_WARN_UNGUARDED_AVAILABILITY = YES_AGGRESSIVE;
				CLANG_WARN_UNREACHABLE_CODE = YES;
				CLANG_WARN__DUPLICATE_METHOD_MATCH = YES;
				COPY_PHASE_STRIP = NO;
				DEBUG_INFORMATION_FORMAT = dwarf;
				ENABLE_STRICT_OBJC_MSGSEND = YES;
				ENABLE_TESTABILITY = YES;
				GCC_C_LANGUAGE_STANDARD = gnu11;
				GCC_DYNAMIC_NO_PIC = NO;
				GCC_NO_COMMON_BLOCKS = YES;
				GCC_OPTIMIZATION_LEVEL = 0;
				GCC_PREPROCESSOR_DEFINITIONS = (
					"DEBUG=1",
					"$(inherited)",
				);
				GCC_WARN_64_TO_32_BIT_CONVERSION = YES;
				GCC_WARN_ABOUT_RETURN_TYPE = YES_ERROR;
				GCC_WARN_UNDECLARED_SELECTOR = YES;
				GCC_WARN_UNINITIALIZED_AUTOS = YES_AGGRESSIVE;
				GCC_WARN_UNUSED_FUNCTION = YES;
				GCC_WARN_UNUSED_VARIABLE = YES;
				IPHONEOS_DEPLOYMENT_TARGET = 13.0;
				MTL_ENABLE_DEBUG_INFO = INCLUDE_SOURCE;
				MTL_FAST_MATH = YES;
				ONLY_ACTIVE_ARCH = YES;
				SDKROOT = iphoneos;
				SWIFT_ACTIVE_COMPILATION_CONDITIONS = DEBUG;
				SWIFT_OPTIMIZATION_LEVEL = "-Onone";
			};
			name = Debug;
		};
		39281C6D234241BC00E4EFB5 /* Release */ = {
			isa = XCBuildConfiguration;
			buildSettings = {
				ALWAYS_SEARCH_USER_PATHS = NO;
				CLANG_ANALYZER_LOCALIZABILITY_NONLOCALIZED = YES;
				CLANG_ANALYZER_NONNULL = YES;
				CLANG_ANALYZER_NUMBER_OBJECT_CONVERSION = YES_AGGRESSIVE;
				CLANG_CXX_LANGUAGE_STANDARD = "gnu++14";
				CLANG_CXX_LIBRARY = "libc++";
				CLANG_ENABLE_MODULES = YES;
				CLANG_ENABLE_OBJC_ARC = YES;
				CLANG_ENABLE_OBJC_WEAK = YES;
				CLANG_WARN_BLOCK_CAPTURE_AUTORELEASING = YES;
				CLANG_WARN_BOOL_CONVERSION = YES;
				CLANG_WARN_COMMA = YES;
				CLANG_WARN_CONSTANT_CONVERSION = YES;
				CLANG_WARN_DEPRECATED_OBJC_IMPLEMENTATIONS = YES;
				CLANG_WARN_DIRECT_OBJC_ISA_USAGE = YES_ERROR;
				CLANG_WARN_DOCUMENTATION_COMMENTS = YES;
				CLANG_WARN_EMPTY_BODY = YES;
				CLANG_WARN_ENUM_CONVERSION = YES;
				CLANG_WARN_INFINITE_RECURSION = YES;
				CLANG_WARN_INT_CONVERSION = YES;
				CLANG_WARN_NON_LITERAL_NULL_CONVERSION = YES;
				CLANG_WARN_OBJC_IMPLICIT_RETAIN_SELF = YES;
				CLANG_WARN_OBJC_LITERAL_CONVERSION = YES;
				CLANG_WARN_OBJC_ROOT_CLASS = YES_ERROR;
				CLANG_WARN_RANGE_LOOP_ANALYSIS = YES;
				CLANG_WARN_STRICT_PROTOTYPES = YES;
				CLANG_WARN_SUSPICIOUS_MOVE = YES;
				CLANG_WARN_UNGUARDED_AVAILABILITY = YES_AGGRESSIVE;
				CLANG_WARN_UNREACHABLE_CODE = YES;
				CLANG_WARN__DUPLICATE_METHOD_MATCH = YES;
				COPY_PHASE_STRIP = NO;
				DEBUG_INFORMATION_FORMAT = "dwarf-with-dsym";
				ENABLE_NS_ASSERTIONS = NO;
				ENABLE_STRICT_OBJC_MSGSEND = YES;
				GCC_C_LANGUAGE_STANDARD = gnu11;
				GCC_NO_COMMON_BLOCKS = YES;
				GCC_WARN_64_TO_32_BIT_CONVERSION = YES;
				GCC_WARN_ABOUT_RETURN_TYPE = YES_ERROR;
				GCC_WARN_UNDECLARED_SELECTOR = YES;
				GCC_WARN_UNINITIALIZED_AUTOS = YES_AGGRESSIVE;
				GCC_WARN_UNUSED_FUNCTION = YES;
				GCC_WARN_UNUSED_VARIABLE = YES;
				IPHONEOS_DEPLOYMENT_TARGET = 13.0;
				MTL_ENABLE_DEBUG_INFO = NO;
				MTL_FAST_MATH = YES;
				SDKROOT = iphoneos;
				SWIFT_COMPILATION_MODE = wholemodule;
				SWIFT_OPTIMIZATION_LEVEL = "-O";
				VALIDATE_PRODUCT = YES;
			};
			name = Release;
		};
		39281C6F234241BC00E4EFB5 /* Debug */ = {
			isa = XCBuildConfiguration;
			buildSettings = {
				ASSETCATALOG_COMPILER_APPICON_NAME = AppIcon;
				CODE_SIGN_ENTITLEMENTS = "MensaDresden/Mensa Dresden.entitlements";
				CODE_SIGN_STYLE = Automatic;
				CURRENT_PROJECT_VERSION = 49;
				DERIVE_MACCATALYST_PRODUCT_BUNDLE_IDENTIFIER = YES;
				DEVELOPMENT_ASSET_PATHS = "\"MensaDresden/Preview Content\"";
				DEVELOPMENT_TEAM = HU85FER47E;
				ENABLE_PREVIEWS = YES;
				INFOPLIST_FILE = MensaDresden/Info.plist;
				LD_RUNPATH_SEARCH_PATHS = (
					"$(inherited)",
					"@executable_path/Frameworks",
				);
				MARKETING_VERSION = 2020.6;
				PRODUCT_BUNDLE_IDENTIFIER = io.kilian.MensaDresden;
				PRODUCT_NAME = "Mensa Dresden";
				SUPPORTS_MACCATALYST = YES;
				SWIFT_VERSION = 5.0;
				TARGETED_DEVICE_FAMILY = "1,2";
			};
			name = Debug;
		};
		39281C70234241BC00E4EFB5 /* Release */ = {
			isa = XCBuildConfiguration;
			buildSettings = {
				ASSETCATALOG_COMPILER_APPICON_NAME = AppIcon;
				CODE_SIGN_ENTITLEMENTS = "MensaDresden/Mensa Dresden.entitlements";
				CODE_SIGN_STYLE = Automatic;
				CURRENT_PROJECT_VERSION = 49;
				DERIVE_MACCATALYST_PRODUCT_BUNDLE_IDENTIFIER = YES;
				DEVELOPMENT_ASSET_PATHS = "\"MensaDresden/Preview Content\"";
				DEVELOPMENT_TEAM = HU85FER47E;
				ENABLE_PREVIEWS = YES;
				INFOPLIST_FILE = MensaDresden/Info.plist;
				LD_RUNPATH_SEARCH_PATHS = (
					"$(inherited)",
					"@executable_path/Frameworks",
				);
				MARKETING_VERSION = 2020.6;
				PRODUCT_BUNDLE_IDENTIFIER = io.kilian.MensaDresden;
				PRODUCT_NAME = "Mensa Dresden";
				SUPPORTS_MACCATALYST = YES;
				SWIFT_VERSION = 5.0;
				TARGETED_DEVICE_FAMILY = "1,2";
			};
			name = Release;
		};
/* End XCBuildConfiguration section */

/* Begin XCConfigurationList section */
		39281C55234241B900E4EFB5 /* Build configuration list for PBXProject "MensaDresden" */ = {
			isa = XCConfigurationList;
			buildConfigurations = (
				39281C6C234241BC00E4EFB5 /* Debug */,
				39281C6D234241BC00E4EFB5 /* Release */,
			);
			defaultConfigurationIsVisible = 0;
			defaultConfigurationName = Release;
		};
		39281C6E234241BC00E4EFB5 /* Build configuration list for PBXNativeTarget "MensaDresden" */ = {
			isa = XCConfigurationList;
			buildConfigurations = (
				39281C6F234241BC00E4EFB5 /* Debug */,
				39281C70234241BC00E4EFB5 /* Release */,
			);
			defaultConfigurationIsVisible = 0;
			defaultConfigurationName = Release;
		};
/* End XCConfigurationList section */

/* Begin XCRemoteSwiftPackageReference section */
		39281CD02343CFB400E4EFB5 /* XCRemoteSwiftPackageReference "RemoteImage" */ = {
			isa = XCRemoteSwiftPackageReference;
			repositoryURL = "https://github.com/crelies/RemoteImage";
			requirement = {
				kind = upToNextMajorVersion;
				minimumVersion = 2.0.0;
			};
		};
		3965DDE823F0244800C9C75C /* XCRemoteSwiftPackageReference "EmealKit" */ = {
			isa = XCRemoteSwiftPackageReference;
			repositoryURL = "https://github.com/kiliankoe/EmealKit";
			requirement = {
				kind = upToNextMajorVersion;
				minimumVersion = 0.7.0;
			};
		};
		396FC3BA2353BF60007B97F3 /* XCRemoteSwiftPackageReference "keychain-item" */ = {
			isa = XCRemoteSwiftPackageReference;
			repositoryURL = "https://github.com/objcio/keychain-item";
			requirement = {
				kind = upToNextMajorVersion;
				minimumVersion = 0.1.0;
			};
		};
		3997DCC62455931500763C07 /* XCRemoteSwiftPackageReference "SwiftyHolidays" */ = {
			isa = XCRemoteSwiftPackageReference;
			repositoryURL = "https://github.com/MaxHaertwig/SwiftyHolidays";
			requirement = {
				kind = upToNextMajorVersion;
				minimumVersion = 1.0.0;
			};
		};
/* End XCRemoteSwiftPackageReference section */

/* Begin XCSwiftPackageProductDependency section */
		39281CD12343CFB400E4EFB5 /* RemoteImage */ = {
			isa = XCSwiftPackageProductDependency;
			package = 39281CD02343CFB400E4EFB5 /* XCRemoteSwiftPackageReference "RemoteImage" */;
			productName = RemoteImage;
		};
		3965DDE923F0244800C9C75C /* EmealKit */ = {
			isa = XCSwiftPackageProductDependency;
			package = 3965DDE823F0244800C9C75C /* XCRemoteSwiftPackageReference "EmealKit" */;
			productName = EmealKit;
		};
		396FC3BB2353BF60007B97F3 /* KeychainItem */ = {
			isa = XCSwiftPackageProductDependency;
			package = 396FC3BA2353BF60007B97F3 /* XCRemoteSwiftPackageReference "keychain-item" */;
			productName = KeychainItem;
		};
		3997DCC72455931600763C07 /* SwiftyHolidays */ = {
			isa = XCSwiftPackageProductDependency;
			package = 3997DCC62455931500763C07 /* XCRemoteSwiftPackageReference "SwiftyHolidays" */;
			productName = SwiftyHolidays;
		};
/* End XCSwiftPackageProductDependency section */
	};
	rootObject = 39281C52234241B900E4EFB5 /* Project object */;
}
