// !$*UTF8*$!
{
	archiveVersion = 1;
	classes = {
	};
	objectVersion = 52;
	objects = {

/* Begin PBXBuildFile section */
		390B777427E211E600DEF4E3 /* TelemetryClient in Frameworks */ = {isa = PBXBuildFile; productRef = 390B777327E211E600DEF4E3 /* TelemetryClient */; };
		390B777627E21B6100DEF4E3 /* Analytics.swift in Sources */ = {isa = PBXBuildFile; fileRef = 390B777527E21B6100DEF4E3 /* Analytics.swift */; };
		3918AD422782FD2A00B82373 /* Meal.swift in Sources */ = {isa = PBXBuildFile; fileRef = 3918AD412782FD2A00B82373 /* Meal.swift */; };
		391B94F827656B210071E678 /* L10n.swift in Sources */ = {isa = PBXBuildFile; fileRef = 391B94F727656B210071E678 /* L10n.swift */; };
		391B94FA276574E40071E678 /* API.swift in Sources */ = {isa = PBXBuildFile; fileRef = 391B94F9276574E40071E678 /* API.swift */; };
		391B94FC2766296C0071E678 /* MensaApp.swift in Sources */ = {isa = PBXBuildFile; fileRef = 391B94FB2766296C0071E678 /* MensaApp.swift */; };
		391B94FE27665AEB0071E678 /* Binding.swift in Sources */ = {isa = PBXBuildFile; fileRef = 391B94FD27665AEB0071E678 /* Binding.swift */; };
		391B9501276674F60071E678 /* CardserviceErrorWrapper.swift in Sources */ = {isa = PBXBuildFile; fileRef = 391B9500276674F60071E678 /* CardserviceErrorWrapper.swift */; };
		391B9E44255ADA43000529A8 /* CompassView.swift in Sources */ = {isa = PBXBuildFile; fileRef = 391B9E43255ADA43000529A8 /* CompassView.swift */; };
		39281C62234241B900E4EFB5 /* CanteenListView.swift in Sources */ = {isa = PBXBuildFile; fileRef = 39281C61234241B900E4EFB5 /* CanteenListView.swift */; };
		39281C64234241BC00E4EFB5 /* Assets.xcassets in Resources */ = {isa = PBXBuildFile; fileRef = 39281C63234241BC00E4EFB5 /* Assets.xcassets */; };
		39281C67234241BC00E4EFB5 /* Preview Assets.xcassets in Resources */ = {isa = PBXBuildFile; fileRef = 39281C66234241BC00E4EFB5 /* Preview Assets.xcassets */; };
		39281C6A234241BC00E4EFB5 /* LaunchScreen.storyboard in Resources */ = {isa = PBXBuildFile; fileRef = 39281C68234241BC00E4EFB5 /* LaunchScreen.storyboard */; };
		39281C74234247C100E4EFB5 /* Localizable.strings in Resources */ = {isa = PBXBuildFile; fileRef = 39281C76234247C100E4EFB5 /* Localizable.strings */; };
		39281C7923424CEA00E4EFB5 /* MealListView.swift in Sources */ = {isa = PBXBuildFile; fileRef = 39281C7823424CEA00E4EFB5 /* MealListView.swift */; };
		39281C7F23427F9B00E4EFB5 /* MealCell.swift in Sources */ = {isa = PBXBuildFile; fileRef = 39281C7E23427F9B00E4EFB5 /* MealCell.swift */; };
		39281C812342823800E4EFB5 /* PriceLabel.swift in Sources */ = {isa = PBXBuildFile; fileRef = 39281C802342823800E4EFB5 /* PriceLabel.swift */; };
		39281C882342910600E4EFB5 /* CanteenCell.swift in Sources */ = {isa = PBXBuildFile; fileRef = 39281C872342910600E4EFB5 /* CanteenCell.swift */; };
		39281C8D234297E000E4EFB5 /* Meal+Extensions.swift in Sources */ = {isa = PBXBuildFile; fileRef = 39281C8C234297E000E4EFB5 /* Meal+Extensions.swift */; };
		39281C8F2342985900E4EFB5 /* Canteen+Example.swift in Sources */ = {isa = PBXBuildFile; fileRef = 39281C8E2342985900E4EFB5 /* Canteen+Example.swift */; };
		393E72C925EBB9FA009BD729 /* HorizontalSwipeGesture.swift in Sources */ = {isa = PBXBuildFile; fileRef = 393E72C825EBB9FA009BD729 /* HorizontalSwipeGesture.swift */; };
		394D9D012343D0C9005F076C /* MealDetailView.swift in Sources */ = {isa = PBXBuildFile; fileRef = 394D9D002343D0C9005F076C /* MealDetailView.swift */; };
		394D9D032343EFD4005F076C /* AboutView.swift in Sources */ = {isa = PBXBuildFile; fileRef = 394D9D022343EFD4005F076C /* AboutView.swift */; };
		394D9D1F234560B4005F076C /* SettingsView.swift in Sources */ = {isa = PBXBuildFile; fileRef = 394D9D1E234560B4005F076C /* SettingsView.swift */; };
		395EA6D52829BE84002F8055 /* ImageViewerRemote in Frameworks */ = {isa = PBXBuildFile; productRef = 395EA6D42829BE84002F8055 /* ImageViewerRemote */; };
		395EA6D7282A9CD3002F8055 /* Logger.swift in Sources */ = {isa = PBXBuildFile; fileRef = 395EA6D6282A9CD3002F8055 /* Logger.swift */; };
		395F98A524FFED7C00740176 /* View.swift in Sources */ = {isa = PBXBuildFile; fileRef = 395F98A424FFED7C00740176 /* View.swift */; };
		3969E12E24FFAE0C00036C69 /* Color.swift in Sources */ = {isa = PBXBuildFile; fileRef = 3969E12D24FFAE0C00036C69 /* Color.swift */; };
		396C4AF123480E6E009A9F52 /* EmealView.swift in Sources */ = {isa = PBXBuildFile; fileRef = 396C4AF023480E6E009A9F52 /* EmealView.swift */; };
		396FC3B0235378C1007B97F3 /* AppView.swift in Sources */ = {isa = PBXBuildFile; fileRef = 396FC3AF235378C1007B97F3 /* AppView.swift */; };
		396FC3B523539145007B97F3 /* EmealCardView.swift in Sources */ = {isa = PBXBuildFile; fileRef = 396FC3B423539145007B97F3 /* EmealCardView.swift */; };
		396FC3BC2353BF60007B97F3 /* KeychainItem in Frameworks */ = {isa = PBXBuildFile; productRef = 396FC3BB2353BF60007B97F3 /* KeychainItem */; };
		396FC3E22357A1A9007B97F3 /* Transaction.swift in Sources */ = {isa = PBXBuildFile; fileRef = 396FC3E12357A1A9007B97F3 /* Transaction.swift */; };
		396FC3E42357B257007B97F3 /* FavoriteCanteensSetting.swift in Sources */ = {isa = PBXBuildFile; fileRef = 396FC3E32357B257007B97F3 /* FavoriteCanteensSetting.swift */; };
		396FC3E82357B6E4007B97F3 /* IngredientsAllergensSetting.swift in Sources */ = {isa = PBXBuildFile; fileRef = 396FC3E72357B6E4007B97F3 /* IngredientsAllergensSetting.swift */; };
		398B34E2236CB95900C10D9B /* LoadingResult.swift in Sources */ = {isa = PBXBuildFile; fileRef = 398B34E1236CB95900C10D9B /* LoadingResult.swift */; };
		398B34E4236CC6B500C10D9B /* MealList.swift in Sources */ = {isa = PBXBuildFile; fileRef = 398B34E3236CC6B500C10D9B /* MealList.swift */; };
		398B34E8236CDE7D00C10D9B /* LoadingListView.swift in Sources */ = {isa = PBXBuildFile; fileRef = 398B34E7236CDE7D00C10D9B /* LoadingListView.swift */; };
		3997DCC82455931600763C07 /* SwiftyHolidays in Frameworks */ = {isa = PBXBuildFile; productRef = 3997DCC72455931600763C07 /* SwiftyHolidays */; };
		39A0C940236227F70029FA35 /* DatePickerView.swift in Sources */ = {isa = PBXBuildFile; fileRef = 39A0C93F236227F70029FA35 /* DatePickerView.swift */; };
		39A0C9442362341B0029FA35 /* CustomDateMealListView.swift in Sources */ = {isa = PBXBuildFile; fileRef = 39A0C9432362341B0029FA35 /* CustomDateMealListView.swift */; };
		39A0C94623623B9E0029FA35 /* Date.swift in Sources */ = {isa = PBXBuildFile; fileRef = 39A0C94523623B9E0029FA35 /* Date.swift */; };
		39A1418D23481B5F00FEE789 /* LargeButton.swift in Sources */ = {isa = PBXBuildFile; fileRef = 39A1418C23481B5F00FEE789 /* LargeButton.swift */; };
		39A1418F2348210000FEE789 /* BarButton.swift in Sources */ = {isa = PBXBuildFile; fileRef = 39A1418E2348210000FEE789 /* BarButton.swift */; };
		39A141912348813D00FEE789 /* Settings.swift in Sources */ = {isa = PBXBuildFile; fileRef = 39A141902348813D00FEE789 /* Settings.swift */; };
		39A141932348EBC000FEE789 /* BlacklistBinding.swift in Sources */ = {isa = PBXBuildFile; fileRef = 39A141922348EBC000FEE789 /* BlacklistBinding.swift */; };
		39A141952348EBEE00FEE789 /* UserDefault.swift in Sources */ = {isa = PBXBuildFile; fileRef = 39A141942348EBEE00FEE789 /* UserDefault.swift */; };
		39A79148241FC50F0009CF03 /* NewsfeedView.swift in Sources */ = {isa = PBXBuildFile; fileRef = 39A79147241FC50F0009CF03 /* NewsfeedView.swift */; };
		39A7914A241FC96B0009CF03 /* ObservableEmeal.swift in Sources */ = {isa = PBXBuildFile; fileRef = 39A79149241FC96B0009CF03 /* ObservableEmeal.swift */; };
		39BEEB71234BAD2D0081B9AE /* DeviceOrientation.swift in Sources */ = {isa = PBXBuildFile; fileRef = 39BEEB70234BAD2D0081B9AE /* DeviceOrientation.swift */; };
		39BEEB73234BB0350081B9AE /* HostingController.swift in Sources */ = {isa = PBXBuildFile; fileRef = 39BEEB72234BB0350081B9AE /* HostingController.swift */; };
		39CD5B19234F778400435E71 /* WebView.swift in Sources */ = {isa = PBXBuildFile; fileRef = 39CD5B18234F778400435E71 /* WebView.swift */; };
		39CD5B1B234F8D0C00435E71 /* MealFeedbackView.swift in Sources */ = {isa = PBXBuildFile; fileRef = 39CD5B1A234F8D0C00435E71 /* MealFeedbackView.swift */; };
		39E215812358E29D00F5EBE9 /* LocationManager.swift in Sources */ = {isa = PBXBuildFile; fileRef = 39E215802358E29D00F5EBE9 /* LocationManager.swift */; };
		39E215842358E37300F5EBE9 /* InfoPlist.strings in Resources */ = {isa = PBXBuildFile; fileRef = 39E215862358E37300F5EBE9 /* InfoPlist.strings */; };
		39FAEBFA2781113E0035776F /* UITests.swift in Sources */ = {isa = PBXBuildFile; fileRef = 39FAEBF92781113E0035776F /* UITests.swift */; };
		39FAEC032781171D0035776F /* App+Interaction.swift in Sources */ = {isa = PBXBuildFile; fileRef = 39FAEC022781171D0035776F /* App+Interaction.swift */; };
		39FAEC0D2781E6350035776F /* Screenshots.swift in Sources */ = {isa = PBXBuildFile; fileRef = 39FAEC0C2781E6350035776F /* Screenshots.swift */; };
		39FAEC182781E6830035776F /* SnapshotHelper.swift in Sources */ = {isa = PBXBuildFile; fileRef = 39FAEC172781E6830035776F /* SnapshotHelper.swift */; };
		39FAEC192781EE800035776F /* App+Interaction.swift in Sources */ = {isa = PBXBuildFile; fileRef = 39FAEC022781171D0035776F /* App+Interaction.swift */; };
		39FC09D82361AFEE008D8AB0 /* Formatter.swift in Sources */ = {isa = PBXBuildFile; fileRef = 39FC09D72361AFEE008D8AB0 /* Formatter.swift */; };
		EF26D779282B9DC400D35E13 /* SettingsView.swift in Sources */ = {isa = PBXBuildFile; fileRef = EF26D778282B9DC400D35E13 /* SettingsView.swift */; };
		EF26D77D282B9DDE00D35E13 /* IngredientsAllergensSetting.swift in Sources */ = {isa = PBXBuildFile; fileRef = EF26D77C282B9DDE00D35E13 /* IngredientsAllergensSetting.swift */; };
		EF26D77E282B9F5600D35E13 /* Localizable.strings in Resources */ = {isa = PBXBuildFile; fileRef = 39281C76234247C100E4EFB5 /* Localizable.strings */; };
		EF516136282E42C100EF6074 /* EmealKit in Frameworks */ = {isa = PBXBuildFile; productRef = EF516135282E42C100EF6074 /* EmealKit */; };
		EF516138282E42CE00EF6074 /* EmealKit in Frameworks */ = {isa = PBXBuildFile; productRef = EF516137282E42CE00EF6074 /* EmealKit */; };
		EF516139282E42F200EF6074 /* Logger.swift in Sources */ = {isa = PBXBuildFile; fileRef = 395EA6D6282A9CD3002F8055 /* Logger.swift */; };
		EF774C55281738D30047BB97 /* MealImage.swift in Sources */ = {isa = PBXBuildFile; fileRef = EF774C54281738D30047BB97 /* MealImage.swift */; };
		EF9EF4DA2811504300E7EE19 /* Assets.xcassets in Resources */ = {isa = PBXBuildFile; fileRef = EF9EF4D92811504300E7EE19 /* Assets.xcassets */; };
		EF9EF4E02811504300E7EE19 /* MensaDresdenWatch WatchKit Extension.appex in Embed App Extensions */ = {isa = PBXBuildFile; fileRef = EF9EF4DF2811504300E7EE19 /* MensaDresdenWatch WatchKit Extension.appex */; settings = {ATTRIBUTES = (RemoveHeadersOnCopy, ); }; };
		EF9EF4E72811504300E7EE19 /* MensaDresdenApp.swift in Sources */ = {isa = PBXBuildFile; fileRef = EF9EF4E62811504300E7EE19 /* MensaDresdenApp.swift */; };
		EF9EF4EB2811504300E7EE19 /* Assets.xcassets in Resources */ = {isa = PBXBuildFile; fileRef = EF9EF4EA2811504300E7EE19 /* Assets.xcassets */; };
		EF9EF4EE2811504300E7EE19 /* Preview Assets.xcassets in Resources */ = {isa = PBXBuildFile; fileRef = EF9EF4ED2811504300E7EE19 /* Preview Assets.xcassets */; };
		EF9EF4F22811504300E7EE19 /* MensaDD.app in Embed Watch Content */ = {isa = PBXBuildFile; fileRef = EF9EF4D72811504200E7EE19 /* MensaDD.app */; settings = {ATTRIBUTES = (RemoveHeadersOnCopy, ); }; };
		EF9EF4FD281151A300E7EE19 /* CanteenListView.swift in Sources */ = {isa = PBXBuildFile; fileRef = EF9EF4FC281151A300E7EE19 /* CanteenListView.swift */; };
		EF9EF5022811524D00E7EE19 /* LoadingResult.swift in Sources */ = {isa = PBXBuildFile; fileRef = 398B34E1236CB95900C10D9B /* LoadingResult.swift */; };
		EF9EF5042811524D00E7EE19 /* API.swift in Sources */ = {isa = PBXBuildFile; fileRef = 391B94F9276574E40071E678 /* API.swift */; };
		EF9EF5052811524D00E7EE19 /* Canteen+Example.swift in Sources */ = {isa = PBXBuildFile; fileRef = 39281C8E2342985900E4EFB5 /* Canteen+Example.swift */; };
		EF9EF5062811525200E7EE19 /* LocationManager.swift in Sources */ = {isa = PBXBuildFile; fileRef = 39E215802358E29D00F5EBE9 /* LocationManager.swift */; };
		EF9EF507281152D500E7EE19 /* Settings.swift in Sources */ = {isa = PBXBuildFile; fileRef = 39A141902348813D00FEE789 /* Settings.swift */; };
		EF9EF5092811532D00E7EE19 /* KeychainItem in Frameworks */ = {isa = PBXBuildFile; productRef = EF9EF5082811532D00E7EE19 /* KeychainItem */; };
		EF9EF50A2811534B00E7EE19 /* UserDefault.swift in Sources */ = {isa = PBXBuildFile; fileRef = 39A141942348EBEE00FEE789 /* UserDefault.swift */; };
		EF9EF50B2811535B00E7EE19 /* BlacklistBinding.swift in Sources */ = {isa = PBXBuildFile; fileRef = 39A141922348EBC000FEE789 /* BlacklistBinding.swift */; };
		EF9EF50C281153E600E7EE19 /* LoadingListView.swift in Sources */ = {isa = PBXBuildFile; fileRef = 398B34E7236CDE7D00C10D9B /* LoadingListView.swift */; };
		EF9EF50D281153F600E7EE19 /* L10n.swift in Sources */ = {isa = PBXBuildFile; fileRef = 391B94F727656B210071E678 /* L10n.swift */; };
		EF9EF50F2811540000E7EE19 /* TelemetryClient in Frameworks */ = {isa = PBXBuildFile; productRef = EF9EF50E2811540000E7EE19 /* TelemetryClient */; };
		EF9EF5102811546700E7EE19 /* Analytics.swift in Sources */ = {isa = PBXBuildFile; fileRef = 390B777527E21B6100DEF4E3 /* Analytics.swift */; };
		EF9EF5112811547C00E7EE19 /* Formatter.swift in Sources */ = {isa = PBXBuildFile; fileRef = 39FC09D72361AFEE008D8AB0 /* Formatter.swift */; };
		EF9EF5122811549C00E7EE19 /* CardserviceErrorWrapper.swift in Sources */ = {isa = PBXBuildFile; fileRef = 391B9500276674F60071E678 /* CardserviceErrorWrapper.swift */; };
		EF9EF5132811552200E7EE19 /* Transaction.swift in Sources */ = {isa = PBXBuildFile; fileRef = 396FC3E12357A1A9007B97F3 /* Transaction.swift */; };
		EF9EF5162811561900E7EE19 /* MealListView.swift in Sources */ = {isa = PBXBuildFile; fileRef = EF9EF5152811561900E7EE19 /* MealListView.swift */; };
		EF9EF5172811564C00E7EE19 /* Date.swift in Sources */ = {isa = PBXBuildFile; fileRef = 39A0C94523623B9E0029FA35 /* Date.swift */; };
		EF9EF5182811565200E7EE19 /* Meal.swift in Sources */ = {isa = PBXBuildFile; fileRef = 3918AD412782FD2A00B82373 /* Meal.swift */; };
		EF9EF5192811565700E7EE19 /* Color.swift in Sources */ = {isa = PBXBuildFile; fileRef = 3969E12D24FFAE0C00036C69 /* Color.swift */; };
		EF9EF51A2811565C00E7EE19 /* View.swift in Sources */ = {isa = PBXBuildFile; fileRef = 395F98A424FFED7C00740176 /* View.swift */; };
		EF9EF51B2811565F00E7EE19 /* Binding.swift in Sources */ = {isa = PBXBuildFile; fileRef = 391B94FD27665AEB0071E678 /* Binding.swift */; };
		EF9EF51D281156E500E7EE19 /* MealList.swift in Sources */ = {isa = PBXBuildFile; fileRef = EF9EF51C281156E500E7EE19 /* MealList.swift */; };
		EF9EF51F2811578000E7EE19 /* SwiftyHolidays in Frameworks */ = {isa = PBXBuildFile; productRef = EF9EF51E2811578000E7EE19 /* SwiftyHolidays */; };
		EF9EF5212811586700E7EE19 /* MealCell.swift in Sources */ = {isa = PBXBuildFile; fileRef = EF9EF5202811586700E7EE19 /* MealCell.swift */; };
		EF9EF522281158AA00E7EE19 /* Meal+Extensions.swift in Sources */ = {isa = PBXBuildFile; fileRef = 39281C8C234297E000E4EFB5 /* Meal+Extensions.swift */; };
		EF9EF5242811597000E7EE19 /* PriceLabel.swift in Sources */ = {isa = PBXBuildFile; fileRef = EF9EF5232811597000E7EE19 /* PriceLabel.swift */; };
		EF9EF52628115AE100E7EE19 /* AppView.swift in Sources */ = {isa = PBXBuildFile; fileRef = EF9EF52528115AE100E7EE19 /* AppView.swift */; };
		EFF0399628117E060054C3E9 /* MealDetailView.swift in Sources */ = {isa = PBXBuildFile; fileRef = EFF0399528117E060054C3E9 /* MealDetailView.swift */; };
		EFF0399C281180690054C3E9 /* MealImage.swift in Sources */ = {isa = PBXBuildFile; fileRef = EFF0399B281180690054C3E9 /* MealImage.swift */; };
/* End PBXBuildFile section */

/* Begin PBXContainerItemProxy section */
		39FAEBFD2781113E0035776F /* PBXContainerItemProxy */ = {
			isa = PBXContainerItemProxy;
			containerPortal = 39281C52234241B900E4EFB5 /* Project object */;
			proxyType = 1;
			remoteGlobalIDString = 39281C59234241B900E4EFB5;
			remoteInfo = MensaDresden;
		};
		39FAEC102781E6350035776F /* PBXContainerItemProxy */ = {
			isa = PBXContainerItemProxy;
			containerPortal = 39281C52234241B900E4EFB5 /* Project object */;
			proxyType = 1;
			remoteGlobalIDString = 39281C59234241B900E4EFB5;
			remoteInfo = MensaDresden;
		};
		EF9EF4E12811504300E7EE19 /* PBXContainerItemProxy */ = {
			isa = PBXContainerItemProxy;
			containerPortal = 39281C52234241B900E4EFB5 /* Project object */;
			proxyType = 1;
			remoteGlobalIDString = EF9EF4DE2811504300E7EE19;
			remoteInfo = "MensaDresdenWatch WatchKit Extension";
		};
		EF9EF4F02811504300E7EE19 /* PBXContainerItemProxy */ = {
			isa = PBXContainerItemProxy;
			containerPortal = 39281C52234241B900E4EFB5 /* Project object */;
			proxyType = 1;
			remoteGlobalIDString = EF9EF4D62811504200E7EE19;
			remoteInfo = MensaDresdenWatch;
		};
/* End PBXContainerItemProxy section */

/* Begin PBXCopyFilesBuildPhase section */
		EF9EF4F62811504300E7EE19 /* Embed App Extensions */ = {
			isa = PBXCopyFilesBuildPhase;
			buildActionMask = 2147483647;
			dstPath = "";
			dstSubfolderSpec = 13;
			files = (
				EF9EF4E02811504300E7EE19 /* MensaDresdenWatch WatchKit Extension.appex in Embed App Extensions */,
			);
			name = "Embed App Extensions";
			runOnlyForDeploymentPostprocessing = 0;
		};
		EF9EF4FA2811504300E7EE19 /* Embed Watch Content */ = {
			isa = PBXCopyFilesBuildPhase;
			buildActionMask = 2147483647;
			dstPath = "$(CONTENTS_FOLDER_PATH)/Watch";
			dstSubfolderSpec = 16;
			files = (
				EF9EF4F22811504300E7EE19 /* MensaDD.app in Embed Watch Content */,
			);
			name = "Embed Watch Content";
			runOnlyForDeploymentPostprocessing = 0;
		};
/* End PBXCopyFilesBuildPhase section */

/* Begin PBXFileReference section */
		390B777527E21B6100DEF4E3 /* Analytics.swift */ = {isa = PBXFileReference; lastKnownFileType = sourcecode.swift; path = Analytics.swift; sourceTree = "<group>"; };
		3918AD412782FD2A00B82373 /* Meal.swift */ = {isa = PBXFileReference; lastKnownFileType = sourcecode.swift; path = Meal.swift; sourceTree = "<group>"; };
		391B94F727656B210071E678 /* L10n.swift */ = {isa = PBXFileReference; fileEncoding = 4; lastKnownFileType = sourcecode.swift; name = L10n.swift; path = MensaDresden/L10n.swift; sourceTree = SOURCE_ROOT; };
		391B94F9276574E40071E678 /* API.swift */ = {isa = PBXFileReference; lastKnownFileType = sourcecode.swift; path = API.swift; sourceTree = "<group>"; };
		391B94FB2766296C0071E678 /* MensaApp.swift */ = {isa = PBXFileReference; lastKnownFileType = sourcecode.swift; path = MensaApp.swift; sourceTree = "<group>"; };
		391B94FD27665AEB0071E678 /* Binding.swift */ = {isa = PBXFileReference; lastKnownFileType = sourcecode.swift; path = Binding.swift; sourceTree = "<group>"; };
		391B9500276674F60071E678 /* CardserviceErrorWrapper.swift */ = {isa = PBXFileReference; lastKnownFileType = sourcecode.swift; path = CardserviceErrorWrapper.swift; sourceTree = "<group>"; };
		391B9E43255ADA43000529A8 /* CompassView.swift */ = {isa = PBXFileReference; lastKnownFileType = sourcecode.swift; path = CompassView.swift; sourceTree = "<group>"; };
		39281C5A234241B900E4EFB5 /* Mensa Dresden.app */ = {isa = PBXFileReference; explicitFileType = wrapper.application; includeInIndex = 0; path = "Mensa Dresden.app"; sourceTree = BUILT_PRODUCTS_DIR; };
		39281C61234241B900E4EFB5 /* CanteenListView.swift */ = {isa = PBXFileReference; lastKnownFileType = sourcecode.swift; path = CanteenListView.swift; sourceTree = "<group>"; };
		39281C63234241BC00E4EFB5 /* Assets.xcassets */ = {isa = PBXFileReference; lastKnownFileType = folder.assetcatalog; path = Assets.xcassets; sourceTree = "<group>"; };
		39281C66234241BC00E4EFB5 /* Preview Assets.xcassets */ = {isa = PBXFileReference; lastKnownFileType = folder.assetcatalog; path = "Preview Assets.xcassets"; sourceTree = "<group>"; };
		39281C69234241BC00E4EFB5 /* Base */ = {isa = PBXFileReference; lastKnownFileType = file.storyboard; name = Base; path = Base.lproj/LaunchScreen.storyboard; sourceTree = "<group>"; };
		39281C6B234241BC00E4EFB5 /* Info.plist */ = {isa = PBXFileReference; lastKnownFileType = text.plist.xml; path = Info.plist; sourceTree = "<group>"; };
		39281C75234247C100E4EFB5 /* en */ = {isa = PBXFileReference; lastKnownFileType = text.plist.strings; name = en; path = en.lproj/Localizable.strings; sourceTree = "<group>"; };
		39281C77234247C200E4EFB5 /* de */ = {isa = PBXFileReference; lastKnownFileType = text.plist.strings; name = de; path = de.lproj/Localizable.strings; sourceTree = "<group>"; };
		39281C7823424CEA00E4EFB5 /* MealListView.swift */ = {isa = PBXFileReference; lastKnownFileType = sourcecode.swift; path = MealListView.swift; sourceTree = "<group>"; };
		39281C7E23427F9B00E4EFB5 /* MealCell.swift */ = {isa = PBXFileReference; lastKnownFileType = sourcecode.swift; path = MealCell.swift; sourceTree = "<group>"; };
		39281C802342823800E4EFB5 /* PriceLabel.swift */ = {isa = PBXFileReference; lastKnownFileType = sourcecode.swift; path = PriceLabel.swift; sourceTree = "<group>"; };
		39281C872342910600E4EFB5 /* CanteenCell.swift */ = {isa = PBXFileReference; lastKnownFileType = sourcecode.swift; path = CanteenCell.swift; sourceTree = "<group>"; };
		39281C8C234297E000E4EFB5 /* Meal+Extensions.swift */ = {isa = PBXFileReference; lastKnownFileType = sourcecode.swift; path = "Meal+Extensions.swift"; sourceTree = "<group>"; };
		39281C8E2342985900E4EFB5 /* Canteen+Example.swift */ = {isa = PBXFileReference; lastKnownFileType = sourcecode.swift; path = "Canteen+Example.swift"; sourceTree = "<group>"; };
		393E72C825EBB9FA009BD729 /* HorizontalSwipeGesture.swift */ = {isa = PBXFileReference; lastKnownFileType = sourcecode.swift; path = HorizontalSwipeGesture.swift; sourceTree = "<group>"; };
		394D9D002343D0C9005F076C /* MealDetailView.swift */ = {isa = PBXFileReference; lastKnownFileType = sourcecode.swift; path = MealDetailView.swift; sourceTree = "<group>"; };
		394D9D022343EFD4005F076C /* AboutView.swift */ = {isa = PBXFileReference; lastKnownFileType = sourcecode.swift; path = AboutView.swift; sourceTree = "<group>"; };
		394D9D1E234560B4005F076C /* SettingsView.swift */ = {isa = PBXFileReference; lastKnownFileType = sourcecode.swift; path = SettingsView.swift; sourceTree = "<group>"; };
		395EA6D6282A9CD3002F8055 /* Logger.swift */ = {isa = PBXFileReference; lastKnownFileType = sourcecode.swift; path = Logger.swift; sourceTree = "<group>"; };
		395F98A424FFED7C00740176 /* View.swift */ = {isa = PBXFileReference; lastKnownFileType = sourcecode.swift; path = View.swift; sourceTree = "<group>"; };
		3969E12D24FFAE0C00036C69 /* Color.swift */ = {isa = PBXFileReference; lastKnownFileType = sourcecode.swift; path = Color.swift; sourceTree = "<group>"; };
		396C4AF023480E6E009A9F52 /* EmealView.swift */ = {isa = PBXFileReference; lastKnownFileType = sourcecode.swift; path = EmealView.swift; sourceTree = "<group>"; };
		396FC3AF235378C1007B97F3 /* AppView.swift */ = {isa = PBXFileReference; lastKnownFileType = sourcecode.swift; path = AppView.swift; sourceTree = "<group>"; };
		396FC3B423539145007B97F3 /* EmealCardView.swift */ = {isa = PBXFileReference; lastKnownFileType = sourcecode.swift; path = EmealCardView.swift; sourceTree = "<group>"; };
		396FC3E12357A1A9007B97F3 /* Transaction.swift */ = {isa = PBXFileReference; lastKnownFileType = sourcecode.swift; path = Transaction.swift; sourceTree = "<group>"; };
		396FC3E32357B257007B97F3 /* FavoriteCanteensSetting.swift */ = {isa = PBXFileReference; lastKnownFileType = sourcecode.swift; path = FavoriteCanteensSetting.swift; sourceTree = "<group>"; };
		396FC3E72357B6E4007B97F3 /* IngredientsAllergensSetting.swift */ = {isa = PBXFileReference; lastKnownFileType = sourcecode.swift; path = IngredientsAllergensSetting.swift; sourceTree = "<group>"; };
		398B34E1236CB95900C10D9B /* LoadingResult.swift */ = {isa = PBXFileReference; lastKnownFileType = sourcecode.swift; path = LoadingResult.swift; sourceTree = "<group>"; };
		398B34E3236CC6B500C10D9B /* MealList.swift */ = {isa = PBXFileReference; lastKnownFileType = sourcecode.swift; path = MealList.swift; sourceTree = "<group>"; };
		398B34E7236CDE7D00C10D9B /* LoadingListView.swift */ = {isa = PBXFileReference; lastKnownFileType = sourcecode.swift; path = LoadingListView.swift; sourceTree = "<group>"; };
		3997A368255F232900B7BD78 /* mommsenstr.gpx */ = {isa = PBXFileReference; lastKnownFileType = text.xml; name = mommsenstr.gpx; path = Resources/mommsenstr.gpx; sourceTree = "<group>"; };
		3997DCC92455F0C900763C07 /* zh-Hans */ = {isa = PBXFileReference; lastKnownFileType = text.plist.strings; name = "zh-Hans"; path = "zh-Hans.lproj/InfoPlist.strings"; sourceTree = "<group>"; };
		3997DCCA2455F0C900763C07 /* zh-Hans */ = {isa = PBXFileReference; lastKnownFileType = text.plist.strings; name = "zh-Hans"; path = "zh-Hans.lproj/Localizable.strings"; sourceTree = "<group>"; };
		3997DCCB2455F0DE00763C07 /* ru */ = {isa = PBXFileReference; lastKnownFileType = text.plist.strings; name = ru; path = ru.lproj/InfoPlist.strings; sourceTree = "<group>"; };
		3997DCCC2455F0DE00763C07 /* ru */ = {isa = PBXFileReference; lastKnownFileType = text.plist.strings; name = ru; path = ru.lproj/Localizable.strings; sourceTree = "<group>"; };
		3997DCCD2455F83900763C07 /* ja */ = {isa = PBXFileReference; lastKnownFileType = text.plist.strings; name = ja; path = ja.lproj/InfoPlist.strings; sourceTree = "<group>"; };
		3997DCCE2455F83900763C07 /* ja */ = {isa = PBXFileReference; lastKnownFileType = text.plist.strings; name = ja; path = ja.lproj/Localizable.strings; sourceTree = "<group>"; };
		39A0C93F236227F70029FA35 /* DatePickerView.swift */ = {isa = PBXFileReference; lastKnownFileType = sourcecode.swift; path = DatePickerView.swift; sourceTree = "<group>"; };
		39A0C9432362341B0029FA35 /* CustomDateMealListView.swift */ = {isa = PBXFileReference; lastKnownFileType = sourcecode.swift; path = CustomDateMealListView.swift; sourceTree = "<group>"; };
		39A0C94523623B9E0029FA35 /* Date.swift */ = {isa = PBXFileReference; lastKnownFileType = sourcecode.swift; path = Date.swift; sourceTree = "<group>"; };
		39A1418C23481B5F00FEE789 /* LargeButton.swift */ = {isa = PBXFileReference; lastKnownFileType = sourcecode.swift; path = LargeButton.swift; sourceTree = "<group>"; };
		39A1418E2348210000FEE789 /* BarButton.swift */ = {isa = PBXFileReference; lastKnownFileType = sourcecode.swift; path = BarButton.swift; sourceTree = "<group>"; };
		39A141902348813D00FEE789 /* Settings.swift */ = {isa = PBXFileReference; lastKnownFileType = sourcecode.swift; path = Settings.swift; sourceTree = "<group>"; };
		39A141922348EBC000FEE789 /* BlacklistBinding.swift */ = {isa = PBXFileReference; lastKnownFileType = sourcecode.swift; path = BlacklistBinding.swift; sourceTree = "<group>"; };
		39A141942348EBEE00FEE789 /* UserDefault.swift */ = {isa = PBXFileReference; lastKnownFileType = sourcecode.swift; path = UserDefault.swift; sourceTree = "<group>"; };
		39A141972348EF1D00FEE789 /* Mensa Dresden.entitlements */ = {isa = PBXFileReference; lastKnownFileType = text.plist.entitlements; path = "Mensa Dresden.entitlements"; sourceTree = "<group>"; };
		39A79147241FC50F0009CF03 /* NewsfeedView.swift */ = {isa = PBXFileReference; lastKnownFileType = sourcecode.swift; path = NewsfeedView.swift; sourceTree = "<group>"; };
		39A79149241FC96B0009CF03 /* ObservableEmeal.swift */ = {isa = PBXFileReference; fileEncoding = 4; lastKnownFileType = sourcecode.swift; path = ObservableEmeal.swift; sourceTree = "<group>"; };
		39BEEB70234BAD2D0081B9AE /* DeviceOrientation.swift */ = {isa = PBXFileReference; lastKnownFileType = sourcecode.swift; path = DeviceOrientation.swift; sourceTree = "<group>"; };
		39BEEB72234BB0350081B9AE /* HostingController.swift */ = {isa = PBXFileReference; lastKnownFileType = sourcecode.swift; path = HostingController.swift; sourceTree = "<group>"; };
		39CD5B18234F778400435E71 /* WebView.swift */ = {isa = PBXFileReference; lastKnownFileType = sourcecode.swift; path = WebView.swift; sourceTree = "<group>"; };
		39CD5B1A234F8D0C00435E71 /* MealFeedbackView.swift */ = {isa = PBXFileReference; lastKnownFileType = sourcecode.swift; path = MealFeedbackView.swift; sourceTree = "<group>"; };
		39E215802358E29D00F5EBE9 /* LocationManager.swift */ = {isa = PBXFileReference; fileEncoding = 4; lastKnownFileType = sourcecode.swift; path = LocationManager.swift; sourceTree = "<group>"; };
		39E215852358E37300F5EBE9 /* en */ = {isa = PBXFileReference; lastKnownFileType = text.plist.strings; name = en; path = en.lproj/InfoPlist.strings; sourceTree = "<group>"; };
		39E215872358E37700F5EBE9 /* de */ = {isa = PBXFileReference; lastKnownFileType = text.plist.strings; name = de; path = de.lproj/InfoPlist.strings; sourceTree = "<group>"; };
		39FAEBF72781113E0035776F /* UITests.xctest */ = {isa = PBXFileReference; explicitFileType = wrapper.cfbundle; includeInIndex = 0; path = UITests.xctest; sourceTree = BUILT_PRODUCTS_DIR; };
		39FAEBF92781113E0035776F /* UITests.swift */ = {isa = PBXFileReference; lastKnownFileType = sourcecode.swift; path = UITests.swift; sourceTree = "<group>"; };
		39FAEC022781171D0035776F /* App+Interaction.swift */ = {isa = PBXFileReference; lastKnownFileType = sourcecode.swift; path = "App+Interaction.swift"; sourceTree = "<group>"; };
		39FAEC0A2781E6350035776F /* Screenshots.xctest */ = {isa = PBXFileReference; explicitFileType = wrapper.cfbundle; includeInIndex = 0; path = Screenshots.xctest; sourceTree = BUILT_PRODUCTS_DIR; };
		39FAEC0C2781E6350035776F /* Screenshots.swift */ = {isa = PBXFileReference; lastKnownFileType = sourcecode.swift; path = Screenshots.swift; sourceTree = "<group>"; };
		39FAEC172781E6830035776F /* SnapshotHelper.swift */ = {isa = PBXFileReference; fileEncoding = 4; lastKnownFileType = sourcecode.swift; path = SnapshotHelper.swift; sourceTree = SOURCE_ROOT; };
		39FC09D72361AFEE008D8AB0 /* Formatter.swift */ = {isa = PBXFileReference; lastKnownFileType = sourcecode.swift; path = Formatter.swift; sourceTree = "<group>"; };
		EF26D778282B9DC400D35E13 /* SettingsView.swift */ = {isa = PBXFileReference; lastKnownFileType = sourcecode.swift; path = SettingsView.swift; sourceTree = "<group>"; };
		EF26D77C282B9DDE00D35E13 /* IngredientsAllergensSetting.swift */ = {isa = PBXFileReference; lastKnownFileType = sourcecode.swift; path = IngredientsAllergensSetting.swift; sourceTree = "<group>"; };
		EF774C54281738D30047BB97 /* MealImage.swift */ = {isa = PBXFileReference; fileEncoding = 4; lastKnownFileType = sourcecode.swift; path = MealImage.swift; sourceTree = "<group>"; };
		EF9EF4D72811504200E7EE19 /* MensaDD.app */ = {isa = PBXFileReference; explicitFileType = wrapper.application; includeInIndex = 0; path = MensaDD.app; sourceTree = BUILT_PRODUCTS_DIR; };
		EF9EF4D92811504300E7EE19 /* Assets.xcassets */ = {isa = PBXFileReference; lastKnownFileType = folder.assetcatalog; path = Assets.xcassets; sourceTree = "<group>"; };
		EF9EF4DF2811504300E7EE19 /* MensaDresdenWatch WatchKit Extension.appex */ = {isa = PBXFileReference; explicitFileType = "wrapper.app-extension"; includeInIndex = 0; path = "MensaDresdenWatch WatchKit Extension.appex"; sourceTree = BUILT_PRODUCTS_DIR; };
		EF9EF4E62811504300E7EE19 /* MensaDresdenApp.swift */ = {isa = PBXFileReference; lastKnownFileType = sourcecode.swift; path = MensaDresdenApp.swift; sourceTree = "<group>"; };
		EF9EF4EA2811504300E7EE19 /* Assets.xcassets */ = {isa = PBXFileReference; lastKnownFileType = folder.assetcatalog; path = Assets.xcassets; sourceTree = "<group>"; };
		EF9EF4ED2811504300E7EE19 /* Preview Assets.xcassets */ = {isa = PBXFileReference; lastKnownFileType = folder.assetcatalog; path = "Preview Assets.xcassets"; sourceTree = "<group>"; };
		EF9EF4EF2811504300E7EE19 /* Info.plist */ = {isa = PBXFileReference; lastKnownFileType = text.plist.xml; path = Info.plist; sourceTree = "<group>"; };
		EF9EF4FC281151A300E7EE19 /* CanteenListView.swift */ = {isa = PBXFileReference; lastKnownFileType = sourcecode.swift; path = CanteenListView.swift; sourceTree = "<group>"; };
		EF9EF5152811561900E7EE19 /* MealListView.swift */ = {isa = PBXFileReference; lastKnownFileType = sourcecode.swift; path = MealListView.swift; sourceTree = "<group>"; };
		EF9EF51C281156E500E7EE19 /* MealList.swift */ = {isa = PBXFileReference; lastKnownFileType = sourcecode.swift; path = MealList.swift; sourceTree = "<group>"; };
		EF9EF5202811586700E7EE19 /* MealCell.swift */ = {isa = PBXFileReference; lastKnownFileType = sourcecode.swift; path = MealCell.swift; sourceTree = "<group>"; };
		EF9EF5232811597000E7EE19 /* PriceLabel.swift */ = {isa = PBXFileReference; lastKnownFileType = sourcecode.swift; path = PriceLabel.swift; sourceTree = "<group>"; };
		EF9EF52528115AE100E7EE19 /* AppView.swift */ = {isa = PBXFileReference; lastKnownFileType = sourcecode.swift; path = AppView.swift; sourceTree = "<group>"; };
		EFF0399528117E060054C3E9 /* MealDetailView.swift */ = {isa = PBXFileReference; lastKnownFileType = sourcecode.swift; path = MealDetailView.swift; sourceTree = "<group>"; };
		EFF0399B281180690054C3E9 /* MealImage.swift */ = {isa = PBXFileReference; fileEncoding = 4; lastKnownFileType = sourcecode.swift; path = MealImage.swift; sourceTree = "<group>"; };
/* End PBXFileReference section */

/* Begin PBXFrameworksBuildPhase section */
		39281C57234241B900E4EFB5 /* Frameworks */ = {
			isa = PBXFrameworksBuildPhase;
			buildActionMask = 2147483647;
			files = (
				390B777427E211E600DEF4E3 /* TelemetryClient in Frameworks */,
				395EA6D52829BE84002F8055 /* ImageViewerRemote in Frameworks */,
				3997DCC82455931600763C07 /* SwiftyHolidays in Frameworks */,
				396FC3BC2353BF60007B97F3 /* KeychainItem in Frameworks */,
				EF516136282E42C100EF6074 /* EmealKit in Frameworks */,
			);
			runOnlyForDeploymentPostprocessing = 0;
		};
		39FAEBF42781113E0035776F /* Frameworks */ = {
			isa = PBXFrameworksBuildPhase;
			buildActionMask = 2147483647;
			files = (
			);
			runOnlyForDeploymentPostprocessing = 0;
		};
		39FAEC072781E6350035776F /* Frameworks */ = {
			isa = PBXFrameworksBuildPhase;
			buildActionMask = 2147483647;
			files = (
			);
			runOnlyForDeploymentPostprocessing = 0;
		};
		EF9EF4DC2811504300E7EE19 /* Frameworks */ = {
			isa = PBXFrameworksBuildPhase;
			buildActionMask = 2147483647;
			files = (
				EF516138282E42CE00EF6074 /* EmealKit in Frameworks */,
				EF9EF51F2811578000E7EE19 /* SwiftyHolidays in Frameworks */,
				EF9EF50F2811540000E7EE19 /* TelemetryClient in Frameworks */,
				EF9EF5092811532D00E7EE19 /* KeychainItem in Frameworks */,
			);
			runOnlyForDeploymentPostprocessing = 0;
		};
/* End PBXFrameworksBuildPhase section */

/* Begin PBXGroup section */
		39281C51234241B900E4EFB5 = {
			isa = PBXGroup;
			children = (
				3997A368255F232900B7BD78 /* mommsenstr.gpx */,
				39281C5C234241B900E4EFB5 /* MensaDresden */,
				39FAEBF82781113E0035776F /* UITests */,
				39FAEC0B2781E6350035776F /* Screenshots */,
				EF9EF4D82811504200E7EE19 /* MensaDresdenWatch */,
				EF9EF4E32811504300E7EE19 /* MensaDresdenWatch WatchKit Extension */,
				39281C5B234241B900E4EFB5 /* Products */,
				39281CC0234318F400E4EFB5 /* Frameworks */,
			);
			sourceTree = "<group>";
		};
		39281C5B234241B900E4EFB5 /* Products */ = {
			isa = PBXGroup;
			children = (
				39281C5A234241B900E4EFB5 /* Mensa Dresden.app */,
				39FAEBF72781113E0035776F /* UITests.xctest */,
				39FAEC0A2781E6350035776F /* Screenshots.xctest */,
				EF9EF4D72811504200E7EE19 /* MensaDD.app */,
				EF9EF4DF2811504300E7EE19 /* MensaDresdenWatch WatchKit Extension.appex */,
			);
			name = Products;
			sourceTree = "<group>";
		};
		39281C5C234241B900E4EFB5 /* MensaDresden */ = {
			isa = PBXGroup;
			children = (
				39A141972348EF1D00FEE789 /* Mensa Dresden.entitlements */,
				391B94FB2766296C0071E678 /* MensaApp.swift */,
				396FC3AF235378C1007B97F3 /* AppView.swift */,
				39BEEB72234BB0350081B9AE /* HostingController.swift */,
				396FC3E02357A19D007B97F3 /* Extensions */,
				39A1418B23481B4D00FEE789 /* Shared */,
				39281C89234292C100E4EFB5 /* API */,
				39281C8423428CAA00E4EFB5 /* CanteenList */,
				394D9D0423454E77005F076C /* SettingsView */,
				39A141962348EEEE00FEE789 /* EmealView */,
				39281C7D23427F8400E4EFB5 /* MealList */,
				39A79146241FC4FC0009CF03 /* Newsfeed */,
				39281C68234241BC00E4EFB5 /* LaunchScreen.storyboard */,
				39281C63234241BC00E4EFB5 /* Assets.xcassets */,
				39281C6B234241BC00E4EFB5 /* Info.plist */,
				39E215862358E37300F5EBE9 /* InfoPlist.strings */,
				39281C65234241BC00E4EFB5 /* Preview Content */,
				391B94F727656B210071E678 /* L10n.swift */,
				39281C76234247C100E4EFB5 /* Localizable.strings */,
			);
			path = MensaDresden;
			sourceTree = "<group>";
		};
		39281C65234241BC00E4EFB5 /* Preview Content */ = {
			isa = PBXGroup;
			children = (
				39281C66234241BC00E4EFB5 /* Preview Assets.xcassets */,
			);
			path = "Preview Content";
			sourceTree = "<group>";
		};
		39281C7D23427F8400E4EFB5 /* MealList */ = {
			isa = PBXGroup;
			children = (
				398B34E3236CC6B500C10D9B /* MealList.swift */,
				39281C7823424CEA00E4EFB5 /* MealListView.swift */,
				39A0C93F236227F70029FA35 /* DatePickerView.swift */,
				EFF0399B281180690054C3E9 /* MealImage.swift */,
				39A0C9432362341B0029FA35 /* CustomDateMealListView.swift */,
				394D9D002343D0C9005F076C /* MealDetailView.swift */,
				39CD5B1A234F8D0C00435E71 /* MealFeedbackView.swift */,
				394D9D1D23455C99005F076C /* MealCell */,
			);
			path = MealList;
			sourceTree = "<group>";
		};
		39281C8423428CAA00E4EFB5 /* CanteenList */ = {
			isa = PBXGroup;
			children = (
				39281C61234241B900E4EFB5 /* CanteenListView.swift */,
				39281C872342910600E4EFB5 /* CanteenCell.swift */,
				391B9E43255ADA43000529A8 /* CompassView.swift */,
			);
			path = CanteenList;
			sourceTree = "<group>";
		};
		39281C89234292C100E4EFB5 /* API */ = {
			isa = PBXGroup;
			children = (
				391B94F9276574E40071E678 /* API.swift */,
				398B34E1236CB95900C10D9B /* LoadingResult.swift */,
				39281C8C234297E000E4EFB5 /* Meal+Extensions.swift */,
				39281C8E2342985900E4EFB5 /* Canteen+Example.swift */,
			);
			path = API;
			sourceTree = "<group>";
		};
		39281CC0234318F400E4EFB5 /* Frameworks */ = {
			isa = PBXGroup;
			children = (
			);
			name = Frameworks;
			sourceTree = "<group>";
		};
		394D9D0423454E77005F076C /* SettingsView */ = {
			isa = PBXGroup;
			children = (
				39A141902348813D00FEE789 /* Settings.swift */,
				394D9D1E234560B4005F076C /* SettingsView.swift */,
				396FC3E32357B257007B97F3 /* FavoriteCanteensSetting.swift */,
				396FC3E72357B6E4007B97F3 /* IngredientsAllergensSetting.swift */,
				394D9D022343EFD4005F076C /* AboutView.swift */,
			);
			path = SettingsView;
			sourceTree = "<group>";
		};
		394D9D1D23455C99005F076C /* MealCell */ = {
			isa = PBXGroup;
			children = (
				39281C7E23427F9B00E4EFB5 /* MealCell.swift */,
				39281C802342823800E4EFB5 /* PriceLabel.swift */,
			);
			path = MealCell;
			sourceTree = "<group>";
		};
		396FC3E02357A19D007B97F3 /* Extensions */ = {
			isa = PBXGroup;
			children = (
				396FC3E12357A1A9007B97F3 /* Transaction.swift */,
				39A0C94523623B9E0029FA35 /* Date.swift */,
				3969E12D24FFAE0C00036C69 /* Color.swift */,
				395F98A424FFED7C00740176 /* View.swift */,
				391B94FD27665AEB0071E678 /* Binding.swift */,
				3918AD412782FD2A00B82373 /* Meal.swift */,
				395EA6D6282A9CD3002F8055 /* Logger.swift */,
			);
			path = Extensions;
			sourceTree = "<group>";
		};
		39A1418B23481B4D00FEE789 /* Shared */ = {
			isa = PBXGroup;
			children = (
				39A1418C23481B5F00FEE789 /* LargeButton.swift */,
				39A1418E2348210000FEE789 /* BarButton.swift */,
				39A141922348EBC000FEE789 /* BlacklistBinding.swift */,
				39A141942348EBEE00FEE789 /* UserDefault.swift */,
				39BEEB70234BAD2D0081B9AE /* DeviceOrientation.swift */,
				39CD5B18234F778400435E71 /* WebView.swift */,
				39E215802358E29D00F5EBE9 /* LocationManager.swift */,
				39FC09D72361AFEE008D8AB0 /* Formatter.swift */,
				398B34E7236CDE7D00C10D9B /* LoadingListView.swift */,
				393E72C825EBB9FA009BD729 /* HorizontalSwipeGesture.swift */,
				390B777527E21B6100DEF4E3 /* Analytics.swift */,
			);
			path = Shared;
			sourceTree = "<group>";
		};
		39A141962348EEEE00FEE789 /* EmealView */ = {
			isa = PBXGroup;
			children = (
				396C4AF023480E6E009A9F52 /* EmealView.swift */,
				396FC3B423539145007B97F3 /* EmealCardView.swift */,
				39A79149241FC96B0009CF03 /* ObservableEmeal.swift */,
				391B9500276674F60071E678 /* CardserviceErrorWrapper.swift */,
			);
			path = EmealView;
			sourceTree = "<group>";
		};
		39A79146241FC4FC0009CF03 /* Newsfeed */ = {
			isa = PBXGroup;
			children = (
				39A79147241FC50F0009CF03 /* NewsfeedView.swift */,
			);
			path = Newsfeed;
			sourceTree = "<group>";
		};
		39FAEBF82781113E0035776F /* UITests */ = {
			isa = PBXGroup;
			children = (
				39FAEBF92781113E0035776F /* UITests.swift */,
				39FAEC022781171D0035776F /* App+Interaction.swift */,
			);
			path = UITests;
			sourceTree = "<group>";
		};
		39FAEC0B2781E6350035776F /* Screenshots */ = {
			isa = PBXGroup;
			children = (
				39FAEC0C2781E6350035776F /* Screenshots.swift */,
				39FAEC172781E6830035776F /* SnapshotHelper.swift */,
			);
			path = Screenshots;
			sourceTree = "<group>";
		};
		EF26D777282B9DA600D35E13 /* SettingsView */ = {
			isa = PBXGroup;
			children = (
				EF26D778282B9DC400D35E13 /* SettingsView.swift */,
				EF26D77C282B9DDE00D35E13 /* IngredientsAllergensSetting.swift */,
			);
			path = SettingsView;
			sourceTree = "<group>";
		};
		EF9EF4D82811504200E7EE19 /* MensaDresdenWatch */ = {
			isa = PBXGroup;
			children = (
				EF9EF4D92811504300E7EE19 /* Assets.xcassets */,
			);
			path = MensaDresdenWatch;
			sourceTree = "<group>";
		};
		EF9EF4E32811504300E7EE19 /* MensaDresdenWatch WatchKit Extension */ = {
			isa = PBXGroup;
			children = (
				EF26D777282B9DA600D35E13 /* SettingsView */,
				EF9EF4FB2811514000E7EE19 /* CanteenList */,
				EF9EF514281155F900E7EE19 /* MealList */,
				EF9EF4E62811504300E7EE19 /* MensaDresdenApp.swift */,
				EF9EF52528115AE100E7EE19 /* AppView.swift */,
				EF9EF4EA2811504300E7EE19 /* Assets.xcassets */,
				EF9EF4EF2811504300E7EE19 /* Info.plist */,
				EF9EF4EC2811504300E7EE19 /* Preview Content */,
			);
			path = "MensaDresdenWatch WatchKit Extension";
			sourceTree = "<group>";
		};
		EF9EF4EC2811504300E7EE19 /* Preview Content */ = {
			isa = PBXGroup;
			children = (
				EF9EF4ED2811504300E7EE19 /* Preview Assets.xcassets */,
			);
			path = "Preview Content";
			sourceTree = "<group>";
		};
		EF9EF4FB2811514000E7EE19 /* CanteenList */ = {
			isa = PBXGroup;
			children = (
				EF9EF4FC281151A300E7EE19 /* CanteenListView.swift */,
			);
			path = CanteenList;
			sourceTree = "<group>";
		};
		EF9EF514281155F900E7EE19 /* MealList */ = {
			isa = PBXGroup;
			children = (
				EF9EF5152811561900E7EE19 /* MealListView.swift */,
				EF9EF51C281156E500E7EE19 /* MealList.swift */,
				EF774C54281738D30047BB97 /* MealImage.swift */,
				EFF0399528117E060054C3E9 /* MealDetailView.swift */,
				EF9EF5202811586700E7EE19 /* MealCell.swift */,
				EF9EF5232811597000E7EE19 /* PriceLabel.swift */,
			);
			path = MealList;
			sourceTree = "<group>";
		};
/* End PBXGroup section */

/* Begin PBXNativeTarget section */
		39281C59234241B900E4EFB5 /* MensaDresden */ = {
			isa = PBXNativeTarget;
			buildConfigurationList = 39281C6E234241BC00E4EFB5 /* Build configuration list for PBXNativeTarget "MensaDresden" */;
			buildPhases = (
				39281C56234241B900E4EFB5 /* Sources */,
				39281C57234241B900E4EFB5 /* Frameworks */,
				39281C58234241B900E4EFB5 /* Resources */,
				EF9EF4FA2811504300E7EE19 /* Embed Watch Content */,
			);
			buildRules = (
			);
			dependencies = (
				EF9EF4F12811504300E7EE19 /* PBXTargetDependency */,
			);
			name = MensaDresden;
			packageProductDependencies = (
				396FC3BB2353BF60007B97F3 /* KeychainItem */,
				3997DCC72455931600763C07 /* SwiftyHolidays */,
				390B777327E211E600DEF4E3 /* TelemetryClient */,
				395EA6D42829BE84002F8055 /* ImageViewerRemote */,
				EF516135282E42C100EF6074 /* EmealKit */,
			);
			productName = MensaDresden;
			productReference = 39281C5A234241B900E4EFB5 /* Mensa Dresden.app */;
			productType = "com.apple.product-type.application";
		};
		39FAEBF62781113E0035776F /* UITests */ = {
			isa = PBXNativeTarget;
			buildConfigurationList = 39FAEC012781113E0035776F /* Build configuration list for PBXNativeTarget "UITests" */;
			buildPhases = (
				39FAEBF32781113E0035776F /* Sources */,
				39FAEBF42781113E0035776F /* Frameworks */,
				39FAEBF52781113E0035776F /* Resources */,
			);
			buildRules = (
			);
			dependencies = (
				39FAEBFE2781113E0035776F /* PBXTargetDependency */,
			);
			name = UITests;
			productName = UITests;
			productReference = 39FAEBF72781113E0035776F /* UITests.xctest */;
			productType = "com.apple.product-type.bundle.ui-testing";
		};
		39FAEC092781E6350035776F /* Screenshots */ = {
			isa = PBXNativeTarget;
			buildConfigurationList = 39FAEC122781E6350035776F /* Build configuration list for PBXNativeTarget "Screenshots" */;
			buildPhases = (
				39FAEC062781E6350035776F /* Sources */,
				39FAEC072781E6350035776F /* Frameworks */,
				39FAEC082781E6350035776F /* Resources */,
			);
			buildRules = (
			);
			dependencies = (
				39FAEC112781E6350035776F /* PBXTargetDependency */,
			);
			name = Screenshots;
			productName = Screenshots;
			productReference = 39FAEC0A2781E6350035776F /* Screenshots.xctest */;
			productType = "com.apple.product-type.bundle.ui-testing";
		};
		EF9EF4D62811504200E7EE19 /* MensaDresdenWatch */ = {
			isa = PBXNativeTarget;
			buildConfigurationList = EF9EF4F72811504300E7EE19 /* Build configuration list for PBXNativeTarget "MensaDresdenWatch" */;
			buildPhases = (
				EF9EF4D52811504200E7EE19 /* Resources */,
				EF9EF4F62811504300E7EE19 /* Embed App Extensions */,
			);
			buildRules = (
			);
			dependencies = (
				EF9EF4E22811504300E7EE19 /* PBXTargetDependency */,
			);
			name = MensaDresdenWatch;
			productName = MensaDresdenWatch;
			productReference = EF9EF4D72811504200E7EE19 /* MensaDD.app */;
			productType = "com.apple.product-type.application.watchapp2";
		};
		EF9EF4DE2811504300E7EE19 /* MensaDresdenWatch WatchKit Extension */ = {
			isa = PBXNativeTarget;
			buildConfigurationList = EF9EF4F32811504300E7EE19 /* Build configuration list for PBXNativeTarget "MensaDresdenWatch WatchKit Extension" */;
			buildPhases = (
				EF9EF4DB2811504300E7EE19 /* Sources */,
				EF9EF4DC2811504300E7EE19 /* Frameworks */,
				EF9EF4DD2811504300E7EE19 /* Resources */,
			);
			buildRules = (
			);
			dependencies = (
			);
			name = "MensaDresdenWatch WatchKit Extension";
			packageProductDependencies = (
				EF9EF5082811532D00E7EE19 /* KeychainItem */,
				EF9EF50E2811540000E7EE19 /* TelemetryClient */,
				EF9EF51E2811578000E7EE19 /* SwiftyHolidays */,
				EF516137282E42CE00EF6074 /* EmealKit */,
			);
			productName = "MensaDresdenWatch WatchKit Extension";
			productReference = EF9EF4DF2811504300E7EE19 /* MensaDresdenWatch WatchKit Extension.appex */;
			productType = "com.apple.product-type.watchkit2-extension";
		};
/* End PBXNativeTarget section */

/* Begin PBXProject section */
		39281C52234241B900E4EFB5 /* Project object */ = {
			isa = PBXProject;
			attributes = {
				KnownAssetTags = (
					New,
				);
				LastSwiftUpdateCheck = 1330;
				LastUpgradeCheck = 1320;
				ORGANIZATIONNAME = "Kilian Koeltzsch";
				TargetAttributes = {
					39281C59234241B900E4EFB5 = {
						CreatedOnToolsVersion = 11.0;
					};
					39FAEBF62781113E0035776F = {
						CreatedOnToolsVersion = 13.2.1;
						TestTargetID = 39281C59234241B900E4EFB5;
					};
					39FAEC092781E6350035776F = {
						CreatedOnToolsVersion = 13.2.1;
						TestTargetID = 39281C59234241B900E4EFB5;
					};
					EF9EF4D62811504200E7EE19 = {
						CreatedOnToolsVersion = 13.3.1;
					};
					EF9EF4DE2811504300E7EE19 = {
						CreatedOnToolsVersion = 13.3.1;
					};
				};
			};
			buildConfigurationList = 39281C55234241B900E4EFB5 /* Build configuration list for PBXProject "MensaDresden" */;
			compatibilityVersion = "Xcode 9.3";
			developmentRegion = en;
			hasScannedForEncodings = 0;
			knownRegions = (
				en,
				Base,
				de,
				"zh-Hans",
				ru,
				ja,
			);
			mainGroup = 39281C51234241B900E4EFB5;
			packageReferences = (
				396FC3BA2353BF60007B97F3 /* XCRemoteSwiftPackageReference "keychain-item" */,
				3997DCC62455931500763C07 /* XCRemoteSwiftPackageReference "SwiftyHolidays" */,
				390B777227E211E600DEF4E3 /* XCRemoteSwiftPackageReference "SwiftClient" */,
				395EA6D32829BE84002F8055 /* XCRemoteSwiftPackageReference "swiftui-image-viewer" */,
				EF516134282E42C100EF6074 /* XCRemoteSwiftPackageReference "EmealKit" */,
			);
			productRefGroup = 39281C5B234241B900E4EFB5 /* Products */;
			projectDirPath = "";
			projectRoot = "";
			targets = (
				39281C59234241B900E4EFB5 /* MensaDresden */,
				EF9EF4D62811504200E7EE19 /* MensaDresdenWatch */,
				EF9EF4DE2811504300E7EE19 /* MensaDresdenWatch WatchKit Extension */,
				39FAEBF62781113E0035776F /* UITests */,
				39FAEC092781E6350035776F /* Screenshots */,
			);
		};
/* End PBXProject section */

/* Begin PBXResourcesBuildPhase section */
		39281C58234241B900E4EFB5 /* Resources */ = {
			isa = PBXResourcesBuildPhase;
			buildActionMask = 2147483647;
			files = (
				39281C6A234241BC00E4EFB5 /* LaunchScreen.storyboard in Resources */,
				39281C74234247C100E4EFB5 /* Localizable.strings in Resources */,
				39281C67234241BC00E4EFB5 /* Preview Assets.xcassets in Resources */,
				39281C64234241BC00E4EFB5 /* Assets.xcassets in Resources */,
				39E215842358E37300F5EBE9 /* InfoPlist.strings in Resources */,
			);
			runOnlyForDeploymentPostprocessing = 0;
		};
		39FAEBF52781113E0035776F /* Resources */ = {
			isa = PBXResourcesBuildPhase;
			buildActionMask = 2147483647;
			files = (
			);
			runOnlyForDeploymentPostprocessing = 0;
		};
		39FAEC082781E6350035776F /* Resources */ = {
			isa = PBXResourcesBuildPhase;
			buildActionMask = 2147483647;
			files = (
			);
			runOnlyForDeploymentPostprocessing = 0;
		};
		EF9EF4D52811504200E7EE19 /* Resources */ = {
			isa = PBXResourcesBuildPhase;
			buildActionMask = 2147483647;
			files = (
				EF9EF4DA2811504300E7EE19 /* Assets.xcassets in Resources */,
			);
			runOnlyForDeploymentPostprocessing = 0;
		};
		EF9EF4DD2811504300E7EE19 /* Resources */ = {
			isa = PBXResourcesBuildPhase;
			buildActionMask = 2147483647;
			files = (
				EF9EF4EE2811504300E7EE19 /* Preview Assets.xcassets in Resources */,
				EF26D77E282B9F5600D35E13 /* Localizable.strings in Resources */,
				EF9EF4EB2811504300E7EE19 /* Assets.xcassets in Resources */,
			);
			runOnlyForDeploymentPostprocessing = 0;
		};
/* End PBXResourcesBuildPhase section */

/* Begin PBXSourcesBuildPhase section */
		39281C56234241B900E4EFB5 /* Sources */ = {
			isa = PBXSourcesBuildPhase;
			buildActionMask = 2147483647;
			files = (
				393E72C925EBB9FA009BD729 /* HorizontalSwipeGesture.swift in Sources */,
				39FC09D82361AFEE008D8AB0 /* Formatter.swift in Sources */,
				39CD5B1B234F8D0C00435E71 /* MealFeedbackView.swift in Sources */,
				39BEEB73234BB0350081B9AE /* HostingController.swift in Sources */,
				391B94FE27665AEB0071E678 /* Binding.swift in Sources */,
				39A79148241FC50F0009CF03 /* NewsfeedView.swift in Sources */,
				39281C812342823800E4EFB5 /* PriceLabel.swift in Sources */,
				39E215812358E29D00F5EBE9 /* LocationManager.swift in Sources */,
				391B9501276674F60071E678 /* CardserviceErrorWrapper.swift in Sources */,
				39A0C94623623B9E0029FA35 /* Date.swift in Sources */,
				EFF0399C281180690054C3E9 /* MealImage.swift in Sources */,
				39281C8F2342985900E4EFB5 /* Canteen+Example.swift in Sources */,
				39A1418F2348210000FEE789 /* BarButton.swift in Sources */,
				39A1418D23481B5F00FEE789 /* LargeButton.swift in Sources */,
				395F98A524FFED7C00740176 /* View.swift in Sources */,
				3918AD422782FD2A00B82373 /* Meal.swift in Sources */,
				39BEEB71234BAD2D0081B9AE /* DeviceOrientation.swift in Sources */,
				39281C7F23427F9B00E4EFB5 /* MealCell.swift in Sources */,
				39A141912348813D00FEE789 /* Settings.swift in Sources */,
				398B34E8236CDE7D00C10D9B /* LoadingListView.swift in Sources */,
				39A7914A241FC96B0009CF03 /* ObservableEmeal.swift in Sources */,
				396FC3E42357B257007B97F3 /* FavoriteCanteensSetting.swift in Sources */,
				39281C8D234297E000E4EFB5 /* Meal+Extensions.swift in Sources */,
				398B34E2236CB95900C10D9B /* LoadingResult.swift in Sources */,
				39CD5B19234F778400435E71 /* WebView.swift in Sources */,
				39A141932348EBC000FEE789 /* BlacklistBinding.swift in Sources */,
				394D9D032343EFD4005F076C /* AboutView.swift in Sources */,
				3969E12E24FFAE0C00036C69 /* Color.swift in Sources */,
				396FC3B523539145007B97F3 /* EmealCardView.swift in Sources */,
				390B777627E21B6100DEF4E3 /* Analytics.swift in Sources */,
				394D9D1F234560B4005F076C /* SettingsView.swift in Sources */,
				39A141952348EBEE00FEE789 /* UserDefault.swift in Sources */,
				391B94F827656B210071E678 /* L10n.swift in Sources */,
				39281C882342910600E4EFB5 /* CanteenCell.swift in Sources */,
				398B34E4236CC6B500C10D9B /* MealList.swift in Sources */,
				391B94FC2766296C0071E678 /* MensaApp.swift in Sources */,
				396FC3B0235378C1007B97F3 /* AppView.swift in Sources */,
				391B94FA276574E40071E678 /* API.swift in Sources */,
				395EA6D7282A9CD3002F8055 /* Logger.swift in Sources */,
				39A0C940236227F70029FA35 /* DatePickerView.swift in Sources */,
				391B9E44255ADA43000529A8 /* CompassView.swift in Sources */,
				396FC3E82357B6E4007B97F3 /* IngredientsAllergensSetting.swift in Sources */,
				394D9D012343D0C9005F076C /* MealDetailView.swift in Sources */,
				396C4AF123480E6E009A9F52 /* EmealView.swift in Sources */,
				39281C62234241B900E4EFB5 /* CanteenListView.swift in Sources */,
				396FC3E22357A1A9007B97F3 /* Transaction.swift in Sources */,
				39A0C9442362341B0029FA35 /* CustomDateMealListView.swift in Sources */,
				39281C7923424CEA00E4EFB5 /* MealListView.swift in Sources */,
			);
			runOnlyForDeploymentPostprocessing = 0;
		};
		39FAEBF32781113E0035776F /* Sources */ = {
			isa = PBXSourcesBuildPhase;
			buildActionMask = 2147483647;
			files = (
				39FAEC032781171D0035776F /* App+Interaction.swift in Sources */,
				39FAEBFA2781113E0035776F /* UITests.swift in Sources */,
			);
			runOnlyForDeploymentPostprocessing = 0;
		};
		39FAEC062781E6350035776F /* Sources */ = {
			isa = PBXSourcesBuildPhase;
			buildActionMask = 2147483647;
			files = (
				39FAEC192781EE800035776F /* App+Interaction.swift in Sources */,
				39FAEC0D2781E6350035776F /* Screenshots.swift in Sources */,
				39FAEC182781E6830035776F /* SnapshotHelper.swift in Sources */,
			);
			runOnlyForDeploymentPostprocessing = 0;
		};
		EF9EF4DB2811504300E7EE19 /* Sources */ = {
			isa = PBXSourcesBuildPhase;
			buildActionMask = 2147483647;
			files = (
				EF9EF5212811586700E7EE19 /* MealCell.swift in Sources */,
				EF9EF50B2811535B00E7EE19 /* BlacklistBinding.swift in Sources */,
				EF9EF4E72811504300E7EE19 /* MensaDresdenApp.swift in Sources */,
				EF9EF5132811552200E7EE19 /* Transaction.swift in Sources */,
				EFF0399628117E060054C3E9 /* MealDetailView.swift in Sources */,
				EF9EF51B2811565F00E7EE19 /* Binding.swift in Sources */,
				EF9EF50A2811534B00E7EE19 /* UserDefault.swift in Sources */,
				EF516139282E42F200EF6074 /* Logger.swift in Sources */,
				EF9EF4FD281151A300E7EE19 /* CanteenListView.swift in Sources */,
				EF9EF51A2811565C00E7EE19 /* View.swift in Sources */,
				EF9EF5062811525200E7EE19 /* LocationManager.swift in Sources */,
				EF9EF5172811564C00E7EE19 /* Date.swift in Sources */,
				EF9EF5042811524D00E7EE19 /* API.swift in Sources */,
				EF9EF5182811565200E7EE19 /* Meal.swift in Sources */,
				EF9EF51D281156E500E7EE19 /* MealList.swift in Sources */,
				EF26D779282B9DC400D35E13 /* SettingsView.swift in Sources */,
				EF9EF5102811546700E7EE19 /* Analytics.swift in Sources */,
				EF774C55281738D30047BB97 /* MealImage.swift in Sources */,
				EF9EF507281152D500E7EE19 /* Settings.swift in Sources */,
				EF9EF5162811561900E7EE19 /* MealListView.swift in Sources */,
				EF9EF5192811565700E7EE19 /* Color.swift in Sources */,
				EF9EF50C281153E600E7EE19 /* LoadingListView.swift in Sources */,
				EF9EF50D281153F600E7EE19 /* L10n.swift in Sources */,
				EF9EF52628115AE100E7EE19 /* AppView.swift in Sources */,
				EF9EF522281158AA00E7EE19 /* Meal+Extensions.swift in Sources */,
				EF26D77D282B9DDE00D35E13 /* IngredientsAllergensSetting.swift in Sources */,
				EF9EF5112811547C00E7EE19 /* Formatter.swift in Sources */,
				EF9EF5242811597000E7EE19 /* PriceLabel.swift in Sources */,
				EF9EF5022811524D00E7EE19 /* LoadingResult.swift in Sources */,
				EF9EF5122811549C00E7EE19 /* CardserviceErrorWrapper.swift in Sources */,
				EF9EF5052811524D00E7EE19 /* Canteen+Example.swift in Sources */,
			);
			runOnlyForDeploymentPostprocessing = 0;
		};
/* End PBXSourcesBuildPhase section */

/* Begin PBXTargetDependency section */
		39FAEBFE2781113E0035776F /* PBXTargetDependency */ = {
			isa = PBXTargetDependency;
			target = 39281C59234241B900E4EFB5 /* MensaDresden */;
			targetProxy = 39FAEBFD2781113E0035776F /* PBXContainerItemProxy */;
		};
		39FAEC112781E6350035776F /* PBXTargetDependency */ = {
			isa = PBXTargetDependency;
			target = 39281C59234241B900E4EFB5 /* MensaDresden */;
			targetProxy = 39FAEC102781E6350035776F /* PBXContainerItemProxy */;
		};
		EF9EF4E22811504300E7EE19 /* PBXTargetDependency */ = {
			isa = PBXTargetDependency;
			target = EF9EF4DE2811504300E7EE19 /* MensaDresdenWatch WatchKit Extension */;
			targetProxy = EF9EF4E12811504300E7EE19 /* PBXContainerItemProxy */;
		};
		EF9EF4F12811504300E7EE19 /* PBXTargetDependency */ = {
			isa = PBXTargetDependency;
			target = EF9EF4D62811504200E7EE19 /* MensaDresdenWatch */;
			targetProxy = EF9EF4F02811504300E7EE19 /* PBXContainerItemProxy */;
		};
/* End PBXTargetDependency section */

/* Begin PBXVariantGroup section */
		39281C68234241BC00E4EFB5 /* LaunchScreen.storyboard */ = {
			isa = PBXVariantGroup;
			children = (
				39281C69234241BC00E4EFB5 /* Base */,
			);
			name = LaunchScreen.storyboard;
			sourceTree = "<group>";
		};
		39281C76234247C100E4EFB5 /* Localizable.strings */ = {
			isa = PBXVariantGroup;
			children = (
				39281C75234247C100E4EFB5 /* en */,
				39281C77234247C200E4EFB5 /* de */,
				3997DCCA2455F0C900763C07 /* zh-Hans */,
				3997DCCC2455F0DE00763C07 /* ru */,
				3997DCCE2455F83900763C07 /* ja */,
			);
			name = Localizable.strings;
			sourceTree = "<group>";
		};
		39E215862358E37300F5EBE9 /* InfoPlist.strings */ = {
			isa = PBXVariantGroup;
			children = (
				39E215852358E37300F5EBE9 /* en */,
				39E215872358E37700F5EBE9 /* de */,
				3997DCC92455F0C900763C07 /* zh-Hans */,
				3997DCCB2455F0DE00763C07 /* ru */,
				3997DCCD2455F83900763C07 /* ja */,
			);
			name = InfoPlist.strings;
			sourceTree = "<group>";
		};
/* End PBXVariantGroup section */

/* Begin XCBuildConfiguration section */
		39281C6C234241BC00E4EFB5 /* Debug */ = {
			isa = XCBuildConfiguration;
			buildSettings = {
				ALWAYS_SEARCH_USER_PATHS = NO;
				CLANG_ANALYZER_LOCALIZABILITY_NONLOCALIZED = YES;
				CLANG_ANALYZER_NONNULL = YES;
				CLANG_ANALYZER_NUMBER_OBJECT_CONVERSION = YES_AGGRESSIVE;
				CLANG_CXX_LANGUAGE_STANDARD = "gnu++14";
				CLANG_CXX_LIBRARY = "libc++";
				CLANG_ENABLE_MODULES = YES;
				CLANG_ENABLE_OBJC_ARC = YES;
				CLANG_ENABLE_OBJC_WEAK = YES;
				CLANG_WARN_BLOCK_CAPTURE_AUTORELEASING = YES;
				CLANG_WARN_BOOL_CONVERSION = YES;
				CLANG_WARN_COMMA = YES;
				CLANG_WARN_CONSTANT_CONVERSION = YES;
				CLANG_WARN_DEPRECATED_OBJC_IMPLEMENTATIONS = YES;
				CLANG_WARN_DIRECT_OBJC_ISA_USAGE = YES_ERROR;
				CLANG_WARN_DOCUMENTATION_COMMENTS = YES;
				CLANG_WARN_EMPTY_BODY = YES;
				CLANG_WARN_ENUM_CONVERSION = YES;
				CLANG_WARN_INFINITE_RECURSION = YES;
				CLANG_WARN_INT_CONVERSION = YES;
				CLANG_WARN_NON_LITERAL_NULL_CONVERSION = YES;
				CLANG_WARN_OBJC_IMPLICIT_RETAIN_SELF = YES;
				CLANG_WARN_OBJC_LITERAL_CONVERSION = YES;
				CLANG_WARN_OBJC_ROOT_CLASS = YES_ERROR;
				CLANG_WARN_QUOTED_INCLUDE_IN_FRAMEWORK_HEADER = YES;
				CLANG_WARN_RANGE_LOOP_ANALYSIS = YES;
				CLANG_WARN_STRICT_PROTOTYPES = YES;
				CLANG_WARN_SUSPICIOUS_MOVE = YES;
				CLANG_WARN_UNGUARDED_AVAILABILITY = YES_AGGRESSIVE;
				CLANG_WARN_UNREACHABLE_CODE = YES;
				CLANG_WARN__DUPLICATE_METHOD_MATCH = YES;
				COPY_PHASE_STRIP = NO;
				DEBUG_INFORMATION_FORMAT = dwarf;
				ENABLE_STRICT_OBJC_MSGSEND = YES;
				ENABLE_TESTABILITY = YES;
				GCC_C_LANGUAGE_STANDARD = gnu11;
				GCC_DYNAMIC_NO_PIC = NO;
				GCC_NO_COMMON_BLOCKS = YES;
				GCC_OPTIMIZATION_LEVEL = 0;
				GCC_PREPROCESSOR_DEFINITIONS = (
					"DEBUG=1",
					"$(inherited)",
				);
				GCC_WARN_64_TO_32_BIT_CONVERSION = YES;
				GCC_WARN_ABOUT_RETURN_TYPE = YES_ERROR;
				GCC_WARN_UNDECLARED_SELECTOR = YES;
				GCC_WARN_UNINITIALIZED_AUTOS = YES_AGGRESSIVE;
				GCC_WARN_UNUSED_FUNCTION = YES;
				GCC_WARN_UNUSED_VARIABLE = YES;
				IPHONEOS_DEPLOYMENT_TARGET = 13.0;
				MTL_ENABLE_DEBUG_INFO = INCLUDE_SOURCE;
				MTL_FAST_MATH = YES;
				ONLY_ACTIVE_ARCH = YES;
				SDKROOT = iphoneos;
				SWIFT_ACTIVE_COMPILATION_CONDITIONS = DEBUG;
				SWIFT_OPTIMIZATION_LEVEL = "-Onone";
			};
			name = Debug;
		};
		39281C6D234241BC00E4EFB5 /* Release */ = {
			isa = XCBuildConfiguration;
			buildSettings = {
				ALWAYS_SEARCH_USER_PATHS = NO;
				CLANG_ANALYZER_LOCALIZABILITY_NONLOCALIZED = YES;
				CLANG_ANALYZER_NONNULL = YES;
				CLANG_ANALYZER_NUMBER_OBJECT_CONVERSION = YES_AGGRESSIVE;
				CLANG_CXX_LANGUAGE_STANDARD = "gnu++14";
				CLANG_CXX_LIBRARY = "libc++";
				CLANG_ENABLE_MODULES = YES;
				CLANG_ENABLE_OBJC_ARC = YES;
				CLANG_ENABLE_OBJC_WEAK = YES;
				CLANG_WARN_BLOCK_CAPTURE_AUTORELEASING = YES;
				CLANG_WARN_BOOL_CONVERSION = YES;
				CLANG_WARN_COMMA = YES;
				CLANG_WARN_CONSTANT_CONVERSION = YES;
				CLANG_WARN_DEPRECATED_OBJC_IMPLEMENTATIONS = YES;
				CLANG_WARN_DIRECT_OBJC_ISA_USAGE = YES_ERROR;
				CLANG_WARN_DOCUMENTATION_COMMENTS = YES;
				CLANG_WARN_EMPTY_BODY = YES;
				CLANG_WARN_ENUM_CONVERSION = YES;
				CLANG_WARN_INFINITE_RECURSION = YES;
				CLANG_WARN_INT_CONVERSION = YES;
				CLANG_WARN_NON_LITERAL_NULL_CONVERSION = YES;
				CLANG_WARN_OBJC_IMPLICIT_RETAIN_SELF = YES;
				CLANG_WARN_OBJC_LITERAL_CONVERSION = YES;
				CLANG_WARN_OBJC_ROOT_CLASS = YES_ERROR;
				CLANG_WARN_QUOTED_INCLUDE_IN_FRAMEWORK_HEADER = YES;
				CLANG_WARN_RANGE_LOOP_ANALYSIS = YES;
				CLANG_WARN_STRICT_PROTOTYPES = YES;
				CLANG_WARN_SUSPICIOUS_MOVE = YES;
				CLANG_WARN_UNGUARDED_AVAILABILITY = YES_AGGRESSIVE;
				CLANG_WARN_UNREACHABLE_CODE = YES;
				CLANG_WARN__DUPLICATE_METHOD_MATCH = YES;
				COPY_PHASE_STRIP = NO;
				DEBUG_INFORMATION_FORMAT = "dwarf-with-dsym";
				ENABLE_NS_ASSERTIONS = NO;
				ENABLE_STRICT_OBJC_MSGSEND = YES;
				GCC_C_LANGUAGE_STANDARD = gnu11;
				GCC_NO_COMMON_BLOCKS = YES;
				GCC_WARN_64_TO_32_BIT_CONVERSION = YES;
				GCC_WARN_ABOUT_RETURN_TYPE = YES_ERROR;
				GCC_WARN_UNDECLARED_SELECTOR = YES;
				GCC_WARN_UNINITIALIZED_AUTOS = YES_AGGRESSIVE;
				GCC_WARN_UNUSED_FUNCTION = YES;
				GCC_WARN_UNUSED_VARIABLE = YES;
				IPHONEOS_DEPLOYMENT_TARGET = 13.0;
				MTL_ENABLE_DEBUG_INFO = NO;
				MTL_FAST_MATH = YES;
				SDKROOT = iphoneos;
				SWIFT_COMPILATION_MODE = wholemodule;
				SWIFT_OPTIMIZATION_LEVEL = "-O";
				VALIDATE_PRODUCT = YES;
			};
			name = Release;
		};
		39281C6F234241BC00E4EFB5 /* Debug */ = {
			isa = XCBuildConfiguration;
			buildSettings = {
				ASSETCATALOG_COMPILER_APPICON_NAME = AppIcon;
				CODE_SIGN_ENTITLEMENTS = "MensaDresden/Mensa Dresden.entitlements";
				CODE_SIGN_STYLE = Automatic;
				CURRENT_PROJECT_VERSION = 60;
				DEVELOPMENT_ASSET_PATHS = "\"MensaDresden/Preview Content\"";
				DEVELOPMENT_TEAM = QVU8H45PQ5;
				ENABLE_PREVIEWS = YES;
				INFOPLIST_FILE = MensaDresden/Info.plist;
				IPHONEOS_DEPLOYMENT_TARGET = 15.0;
				LD_RUNPATH_SEARCH_PATHS = (
					"$(inherited)",
					"@executable_path/Frameworks",
				);
				MARKETING_VERSION = 2022.8;
				PRODUCT_BUNDLE_IDENTIFIER = io.kilian.MensaDresden;
				PRODUCT_NAME = "Mensa Dresden";
				SUPPORTS_MACCATALYST = NO;
				SWIFT_VERSION = 5.0;
				TARGETED_DEVICE_FAMILY = "1,2";
			};
			name = Debug;
		};
		39281C70234241BC00E4EFB5 /* Release */ = {
			isa = XCBuildConfiguration;
			buildSettings = {
				ASSETCATALOG_COMPILER_APPICON_NAME = AppIcon;
				CODE_SIGN_ENTITLEMENTS = "MensaDresden/Mensa Dresden.entitlements";
				CODE_SIGN_STYLE = Automatic;
				CURRENT_PROJECT_VERSION = 60;
				DEVELOPMENT_ASSET_PATHS = "\"MensaDresden/Preview Content\"";
				DEVELOPMENT_TEAM = QVU8H45PQ5;
				ENABLE_PREVIEWS = YES;
				INFOPLIST_FILE = MensaDresden/Info.plist;
				IPHONEOS_DEPLOYMENT_TARGET = 15.0;
				LD_RUNPATH_SEARCH_PATHS = (
					"$(inherited)",
					"@executable_path/Frameworks",
				);
				MARKETING_VERSION = 2022.8;
				PRODUCT_BUNDLE_IDENTIFIER = io.kilian.MensaDresden;
				PRODUCT_NAME = "Mensa Dresden";
				SUPPORTS_MACCATALYST = NO;
				SWIFT_VERSION = 5.0;
				TARGETED_DEVICE_FAMILY = "1,2";
			};
			name = Release;
		};
		39FAEBFF2781113E0035776F /* Debug */ = {
			isa = XCBuildConfiguration;
			buildSettings = {
				CLANG_CXX_LANGUAGE_STANDARD = "gnu++17";
				CODE_SIGN_STYLE = Automatic;
				CURRENT_PROJECT_VERSION = 1;
				DEVELOPMENT_TEAM = HU85FER47E;
				GENERATE_INFOPLIST_FILE = YES;
				IPHONEOS_DEPLOYMENT_TARGET = 15.2;
				MARKETING_VERSION = 1.0;
				PRODUCT_BUNDLE_IDENTIFIER = io.kilian.MensaDresden.UITests;
				PRODUCT_NAME = "$(TARGET_NAME)";
				SWIFT_EMIT_LOC_STRINGS = NO;
				SWIFT_VERSION = 5.0;
				TARGETED_DEVICE_FAMILY = "1,2";
				TEST_TARGET_NAME = MensaDresden;
			};
			name = Debug;
		};
		39FAEC002781113E0035776F /* Release */ = {
			isa = XCBuildConfiguration;
			buildSettings = {
				CLANG_CXX_LANGUAGE_STANDARD = "gnu++17";
				CODE_SIGN_STYLE = Automatic;
				CURRENT_PROJECT_VERSION = 1;
				DEVELOPMENT_TEAM = HU85FER47E;
				GENERATE_INFOPLIST_FILE = YES;
				IPHONEOS_DEPLOYMENT_TARGET = 15.2;
				MARKETING_VERSION = 1.0;
				PRODUCT_BUNDLE_IDENTIFIER = io.kilian.MensaDresden.UITests;
				PRODUCT_NAME = "$(TARGET_NAME)";
				SWIFT_EMIT_LOC_STRINGS = NO;
				SWIFT_VERSION = 5.0;
				TARGETED_DEVICE_FAMILY = "1,2";
				TEST_TARGET_NAME = MensaDresden;
			};
			name = Release;
		};
		39FAEC132781E6350035776F /* Debug */ = {
			isa = XCBuildConfiguration;
			buildSettings = {
				CLANG_CXX_LANGUAGE_STANDARD = "gnu++17";
				CODE_SIGN_STYLE = Automatic;
				CURRENT_PROJECT_VERSION = 1;
				DEVELOPMENT_TEAM = HU85FER47E;
				GENERATE_INFOPLIST_FILE = YES;
				IPHONEOS_DEPLOYMENT_TARGET = 15.2;
				MARKETING_VERSION = 1.0;
				PRODUCT_BUNDLE_IDENTIFIER = io.kilian.MensaDresden.Screenshots;
				PRODUCT_NAME = "$(TARGET_NAME)";
				SWIFT_EMIT_LOC_STRINGS = NO;
				SWIFT_VERSION = 5.0;
				TARGETED_DEVICE_FAMILY = "1,2";
				TEST_TARGET_NAME = MensaDresden;
			};
			name = Debug;
		};
		39FAEC142781E6350035776F /* Release */ = {
			isa = XCBuildConfiguration;
			buildSettings = {
				CLANG_CXX_LANGUAGE_STANDARD = "gnu++17";
				CODE_SIGN_STYLE = Automatic;
				CURRENT_PROJECT_VERSION = 1;
				DEVELOPMENT_TEAM = HU85FER47E;
				GENERATE_INFOPLIST_FILE = YES;
				IPHONEOS_DEPLOYMENT_TARGET = 15.2;
				MARKETING_VERSION = 1.0;
				PRODUCT_BUNDLE_IDENTIFIER = io.kilian.MensaDresden.Screenshots;
				PRODUCT_NAME = "$(TARGET_NAME)";
				SWIFT_EMIT_LOC_STRINGS = NO;
				SWIFT_VERSION = 5.0;
				TARGETED_DEVICE_FAMILY = "1,2";
				TEST_TARGET_NAME = MensaDresden;
			};
			name = Release;
		};
		EF9EF4F42811504300E7EE19 /* Debug */ = {
			isa = XCBuildConfiguration;
			buildSettings = {
				ASSETCATALOG_COMPILER_COMPLICATION_NAME = Complication;
				CLANG_CXX_LANGUAGE_STANDARD = "gnu++17";
				CODE_SIGN_STYLE = Automatic;
				CURRENT_PROJECT_VERSION = 60;
				DEVELOPMENT_ASSET_PATHS = "\"MensaDresdenWatch WatchKit Extension/Preview Content\"";
				DEVELOPMENT_TEAM = QVU8H45PQ5;
				ENABLE_PREVIEWS = YES;
				GENERATE_INFOPLIST_FILE = YES;
				INFOPLIST_FILE = "MensaDresdenWatch WatchKit Extension/Info.plist";
				INFOPLIST_KEY_CFBundleDisplayName = MensaDD;
				INFOPLIST_KEY_CLKComplicationPrincipalClass = MensaDresdenWatch_WatchKit_Extension.ComplicationController;
				INFOPLIST_KEY_NSHumanReadableCopyright = "Copyright © 2022 Kilian Koeltzsch. All rights reserved.";
				INFOPLIST_KEY_WKRunsIndependentlyOfCompanionApp = YES;
				LD_RUNPATH_SEARCH_PATHS = (
					"$(inherited)",
					"@executable_path/Frameworks",
					"@executable_path/../../Frameworks",
				);
				MARKETING_VERSION = 2022.8;
				PRODUCT_BUNDLE_IDENTIFIER = io.kilian.MensaDresden.watchkitapp.watchkitextension;
				PRODUCT_NAME = "${TARGET_NAME}";
				SDKROOT = watchos;
				SKIP_INSTALL = YES;
				SWIFT_EMIT_LOC_STRINGS = YES;
				SWIFT_VERSION = 5.0;
				TARGETED_DEVICE_FAMILY = 4;
				WATCHOS_DEPLOYMENT_TARGET = 8.5;
			};
			name = Debug;
		};
		EF9EF4F52811504300E7EE19 /* Release */ = {
			isa = XCBuildConfiguration;
			buildSettings = {
				ASSETCATALOG_COMPILER_COMPLICATION_NAME = Complication;
				CLANG_CXX_LANGUAGE_STANDARD = "gnu++17";
				CODE_SIGN_STYLE = Automatic;
				CURRENT_PROJECT_VERSION = 60;
				DEVELOPMENT_ASSET_PATHS = "\"MensaDresdenWatch WatchKit Extension/Preview Content\"";
				DEVELOPMENT_TEAM = QVU8H45PQ5;
				ENABLE_PREVIEWS = YES;
				GENERATE_INFOPLIST_FILE = YES;
				INFOPLIST_FILE = "MensaDresdenWatch WatchKit Extension/Info.plist";
				INFOPLIST_KEY_CFBundleDisplayName = MensaDD;
				INFOPLIST_KEY_CLKComplicationPrincipalClass = MensaDresdenWatch_WatchKit_Extension.ComplicationController;
				INFOPLIST_KEY_NSHumanReadableCopyright = "Copyright © 2022 Kilian Koeltzsch. All rights reserved.";
				INFOPLIST_KEY_WKRunsIndependentlyOfCompanionApp = YES;
				LD_RUNPATH_SEARCH_PATHS = (
					"$(inherited)",
					"@executable_path/Frameworks",
					"@executable_path/../../Frameworks",
				);
				MARKETING_VERSION = 2022.8;
				PRODUCT_BUNDLE_IDENTIFIER = io.kilian.MensaDresden.watchkitapp.watchkitextension;
				PRODUCT_NAME = "${TARGET_NAME}";
				SDKROOT = watchos;
				SKIP_INSTALL = YES;
				SWIFT_EMIT_LOC_STRINGS = YES;
				SWIFT_VERSION = 5.0;
				TARGETED_DEVICE_FAMILY = 4;
				WATCHOS_DEPLOYMENT_TARGET = 8.5;
			};
			name = Release;
		};
		EF9EF4F82811504300E7EE19 /* Debug */ = {
			isa = XCBuildConfiguration;
			buildSettings = {
				ALWAYS_EMBED_SWIFT_STANDARD_LIBRARIES = YES;
				ASSETCATALOG_COMPILER_APPICON_NAME = AppIcon;
				ASSETCATALOG_COMPILER_GLOBAL_ACCENT_COLOR_NAME = AccentColor;
				CLANG_CXX_LANGUAGE_STANDARD = "gnu++17";
				CODE_SIGN_STYLE = Automatic;
				CURRENT_PROJECT_VERSION = 60;
				DEVELOPMENT_TEAM = QVU8H45PQ5;
				GENERATE_INFOPLIST_FILE = YES;
				IBSC_MODULE = MensaDresdenWatch_WatchKit_Extension;
				INFOPLIST_KEY_UISupportedInterfaceOrientations = "UIInterfaceOrientationPortrait UIInterfaceOrientationPortraitUpsideDown";
				INFOPLIST_KEY_WKCompanionAppBundleIdentifier = de.westermann.MensaDresden;
				MARKETING_VERSION = 2022.8;
				PRODUCT_BUNDLE_IDENTIFIER = io.kilian.MensaDresden.watchkitapp;
				PRODUCT_NAME = MensaDD;
				SDKROOT = watchos;
				SKIP_INSTALL = YES;
				SWIFT_EMIT_LOC_STRINGS = YES;
				SWIFT_VERSION = 5.0;
				TARGETED_DEVICE_FAMILY = 4;
				WATCHOS_DEPLOYMENT_TARGET = 8.5;
			};
			name = Debug;
		};
		EF9EF4F92811504300E7EE19 /* Release */ = {
			isa = XCBuildConfiguration;
			buildSettings = {
				ALWAYS_EMBED_SWIFT_STANDARD_LIBRARIES = YES;
				ASSETCATALOG_COMPILER_APPICON_NAME = AppIcon;
				ASSETCATALOG_COMPILER_GLOBAL_ACCENT_COLOR_NAME = AccentColor;
				CLANG_CXX_LANGUAGE_STANDARD = "gnu++17";
				CODE_SIGN_STYLE = Automatic;
				CURRENT_PROJECT_VERSION = 60;
				DEVELOPMENT_TEAM = QVU8H45PQ5;
				GENERATE_INFOPLIST_FILE = YES;
				IBSC_MODULE = MensaDresdenWatch_WatchKit_Extension;
				INFOPLIST_KEY_UISupportedInterfaceOrientations = "UIInterfaceOrientationPortrait UIInterfaceOrientationPortraitUpsideDown";
				INFOPLIST_KEY_WKCompanionAppBundleIdentifier = de.westermann.MensaDresden;
				MARKETING_VERSION = 2022.8;
				PRODUCT_BUNDLE_IDENTIFIER = io.kilian.MensaDresden.watchkitapp;
				PRODUCT_NAME = MensaDD;
				SDKROOT = watchos;
				SKIP_INSTALL = YES;
				SWIFT_EMIT_LOC_STRINGS = YES;
				SWIFT_VERSION = 5.0;
				TARGETED_DEVICE_FAMILY = 4;
				WATCHOS_DEPLOYMENT_TARGET = 8.5;
			};
			name = Release;
		};
/* End XCBuildConfiguration section */

/* Begin XCConfigurationList section */
		39281C55234241B900E4EFB5 /* Build configuration list for PBXProject "MensaDresden" */ = {
			isa = XCConfigurationList;
			buildConfigurations = (
				39281C6C234241BC00E4EFB5 /* Debug */,
				39281C6D234241BC00E4EFB5 /* Release */,
			);
			defaultConfigurationIsVisible = 0;
			defaultConfigurationName = Release;
		};
		39281C6E234241BC00E4EFB5 /* Build configuration list for PBXNativeTarget "MensaDresden" */ = {
			isa = XCConfigurationList;
			buildConfigurations = (
				39281C6F234241BC00E4EFB5 /* Debug */,
				39281C70234241BC00E4EFB5 /* Release */,
			);
			defaultConfigurationIsVisible = 0;
			defaultConfigurationName = Release;
		};
		39FAEC012781113E0035776F /* Build configuration list for PBXNativeTarget "UITests" */ = {
			isa = XCConfigurationList;
			buildConfigurations = (
				39FAEBFF2781113E0035776F /* Debug */,
				39FAEC002781113E0035776F /* Release */,
			);
			defaultConfigurationIsVisible = 0;
			defaultConfigurationName = Release;
		};
		39FAEC122781E6350035776F /* Build configuration list for PBXNativeTarget "Screenshots" */ = {
			isa = XCConfigurationList;
			buildConfigurations = (
				39FAEC132781E6350035776F /* Debug */,
				39FAEC142781E6350035776F /* Release */,
			);
			defaultConfigurationIsVisible = 0;
			defaultConfigurationName = Release;
		};
		EF9EF4F32811504300E7EE19 /* Build configuration list for PBXNativeTarget "MensaDresdenWatch WatchKit Extension" */ = {
			isa = XCConfigurationList;
			buildConfigurations = (
				EF9EF4F42811504300E7EE19 /* Debug */,
				EF9EF4F52811504300E7EE19 /* Release */,
			);
			defaultConfigurationIsVisible = 0;
			defaultConfigurationName = Release;
		};
		EF9EF4F72811504300E7EE19 /* Build configuration list for PBXNativeTarget "MensaDresdenWatch" */ = {
			isa = XCConfigurationList;
			buildConfigurations = (
				EF9EF4F82811504300E7EE19 /* Debug */,
				EF9EF4F92811504300E7EE19 /* Release */,
			);
			defaultConfigurationIsVisible = 0;
			defaultConfigurationName = Release;
		};
/* End XCConfigurationList section */

/* Begin XCRemoteSwiftPackageReference section */
		390B777227E211E600DEF4E3 /* XCRemoteSwiftPackageReference "SwiftClient" */ = {
			isa = XCRemoteSwiftPackageReference;
			repositoryURL = "https://github.com/TelemetryDeck/SwiftClient";
			requirement = {
				kind = upToNextMajorVersion;
				minimumVersion = 1.0.0;
			};
		};
		395EA6D32829BE84002F8055 /* XCRemoteSwiftPackageReference "swiftui-image-viewer" */ = {
			isa = XCRemoteSwiftPackageReference;
			repositoryURL = "https://github.com/Jake-Short/swiftui-image-viewer.git";
			requirement = {
				kind = upToNextMajorVersion;
				minimumVersion = 2.0.0;
			};
		};
		396FC3BA2353BF60007B97F3 /* XCRemoteSwiftPackageReference "keychain-item" */ = {
			isa = XCRemoteSwiftPackageReference;
			repositoryURL = "https://github.com/objcio/keychain-item";
			requirement = {
				kind = upToNextMajorVersion;
				minimumVersion = 0.1.0;
			};
		};
		3997DCC62455931500763C07 /* XCRemoteSwiftPackageReference "SwiftyHolidays" */ = {
			isa = XCRemoteSwiftPackageReference;
			repositoryURL = "https://github.com/MaxHaertwig/SwiftyHolidays";
			requirement = {
				kind = upToNextMajorVersion;
				minimumVersion = 1.0.0;
			};
		};
		EF516134282E42C100EF6074 /* XCRemoteSwiftPackageReference "EmealKit" */ = {
			isa = XCRemoteSwiftPackageReference;
			repositoryURL = "https://github.com/kiliankoe/EmealKit.git";
			requirement = {
				kind = upToNextMajorVersion;
				minimumVersion = 0.9.1;
			};
		};
/* End XCRemoteSwiftPackageReference section */

/* Begin XCSwiftPackageProductDependency section */
		390B777327E211E600DEF4E3 /* TelemetryClient */ = {
			isa = XCSwiftPackageProductDependency;
			package = 390B777227E211E600DEF4E3 /* XCRemoteSwiftPackageReference "SwiftClient" */;
			productName = TelemetryClient;
		};
		395EA6D42829BE84002F8055 /* ImageViewerRemote */ = {
			isa = XCSwiftPackageProductDependency;
			package = 395EA6D32829BE84002F8055 /* XCRemoteSwiftPackageReference "swiftui-image-viewer" */;
			productName = ImageViewerRemote;
		};
		396FC3BB2353BF60007B97F3 /* KeychainItem */ = {
			isa = XCSwiftPackageProductDependency;
			package = 396FC3BA2353BF60007B97F3 /* XCRemoteSwiftPackageReference "keychain-item" */;
			productName = KeychainItem;
		};
		3997DCC72455931600763C07 /* SwiftyHolidays */ = {
			isa = XCSwiftPackageProductDependency;
			package = 3997DCC62455931500763C07 /* XCRemoteSwiftPackageReference "SwiftyHolidays" */;
			productName = SwiftyHolidays;
		};
		EF516135282E42C100EF6074 /* EmealKit */ = {
			isa = XCSwiftPackageProductDependency;
			package = EF516134282E42C100EF6074 /* XCRemoteSwiftPackageReference "EmealKit" */;
			productName = EmealKit;
		};
		EF516137282E42CE00EF6074 /* EmealKit */ = {
			isa = XCSwiftPackageProductDependency;
			package = EF516134282E42C100EF6074 /* XCRemoteSwiftPackageReference "EmealKit" */;
			productName = EmealKit;
		};
		EF9EF5082811532D00E7EE19 /* KeychainItem */ = {
			isa = XCSwiftPackageProductDependency;
			package = 396FC3BA2353BF60007B97F3 /* XCRemoteSwiftPackageReference "keychain-item" */;
			productName = KeychainItem;
		};
		EF9EF50E2811540000E7EE19 /* TelemetryClient */ = {
			isa = XCSwiftPackageProductDependency;
			package = 390B777227E211E600DEF4E3 /* XCRemoteSwiftPackageReference "SwiftClient" */;
			productName = TelemetryClient;
		};
		EF9EF51E2811578000E7EE19 /* SwiftyHolidays */ = {
			isa = XCSwiftPackageProductDependency;
			package = 3997DCC62455931500763C07 /* XCRemoteSwiftPackageReference "SwiftyHolidays" */;
			productName = SwiftyHolidays;
		};
/* End XCSwiftPackageProductDependency section */
	};
	rootObject = 39281C52234241B900E4EFB5 /* Project object */;
}
